
{
    archiveVersion = 1;
    classes = 
    {};
    objectVersion = 42;
    objects = 
    {
        000000000000000000000001 = 
        {
            isa = PBXFileReference;
            lastKnownFileType = sourcecode.java;
            name = ObjectNotAvailableException.java;
            path = src/com/houdah/eocontrol/utilities/ObjectNotAvailableException.java;
            sourceTree = "<group>";
        };
        000000000000000000000002 = 
        {
            isa = PBXFileReference;
            lastKnownFileType = sourcecode.java;
            name = MoreThanOneException.java;
            path = src/com/houdah/eocontrol/utilities/MoreThanOneException.java;
            sourceTree = "<group>";
        };
        000000000000000000000003 = 
        {
            isa = PBXFileReference;
            lastKnownFileType = sourcecode.java;
            name = ControlUtilities.java;
            path = src/com/houdah/eocontrol/utilities/ControlUtilities.java;
            sourceTree = "<group>";
        };
        000000000000000000000004 = 
        {
            isa = PBXFileReference;
            lastKnownFileType = sourcecode.java;
            name = TrueQualifier.java;
            path = src/com/houdah/eocontrol/qualifiers/TrueQualifier.java;
            sourceTree = "<group>";
        };
        000000000000000000000005 = 
        {
            isa = PBXFileReference;
            lastKnownFileType = sourcecode.java;
            name = Qualifier.java;
            path = src/com/houdah/eocontrol/qualifiers/Qualifier.java;
            sourceTree = "<group>";
        };
        000000000000000000000006 = 
        {
            isa = PBXFileReference;
            lastKnownFileType = sourcecode.java;
            name = PiggybackQualifier.java;
            path = src/com/houdah/eocontrol/qualifiers/PiggybackQualifier.java;
            sourceTree = "<group>";
        };
        000000000000000000000007 = 
        {
            isa = PBXFileReference;
            lastKnownFileType = sourcecode.java;
            name = PeriodQualifier.java;
            path = src/com/houdah/eocontrol/qualifiers/PeriodQualifier.java;
            sourceTree = "<group>";
        };
        000000000000000000000008 = 
        {
            isa = PBXFileReference;
            lastKnownFileType = sourcecode.java;
            name = KeyValueCodingProtectedAccessor.java;
            path = src/com/houdah/eocontrol/qualifiers/KeyValueCodingProtectedAccessor.java;
            sourceTree = "<group>";
        };
        000000000000000000000009 = 
        {
            isa = PBXFileReference;
            lastKnownFileType = sourcecode.java;
            name = InSubqueryQualifier.java;
            path = src/com/houdah/eocontrol/qualifiers/InSubqueryQualifier.java;
            sourceTree = "<group>";
        };
        00000000000000000000000a = 
        {
            isa = PBXFileReference;
            lastKnownFileType = sourcecode.java;
            name = InSetQualifier.java;
            path = src/com/houdah/eocontrol/qualifiers/InSetQualifier.java;
            sourceTree = "<group>";
        };
        00000000000000000000000b = 
        {
            isa = PBXFileReference;
            lastKnownFileType = sourcecode.java;
            name = FalseQualifier.java;
            path = src/com/houdah/eocontrol/qualifiers/FalseQualifier.java;
            sourceTree = "<group>";
        };
        00000000000000000000000c = 
        {
            isa = PBXFileReference;
            lastKnownFileType = sourcecode.java;
            name = ExistsInRelationshipQualifier.java;
            path = src/com/houdah/eocontrol/qualifiers/ExistsInRelationshipQualifier.java;
            sourceTree = "<group>";
        };
        00000000000000000000000d = 
        {
            isa = PBXFileReference;
            lastKnownFileType = sourcecode.java;
            name = BestRelationshipMatchesQualifier.java;
            path = src/com/houdah/eocontrol/qualifiers/BestRelationshipMatchesQualifier.java;
            sourceTree = "<group>";
        };
        00000000000000000000000e = 
        {
            isa = PBXFileReference;
            lastKnownFileType = sourcecode.java;
            name = BestMatchQualifier.java;
            path = src/com/houdah/eocontrol/qualifiers/BestMatchQualifier.java;
            sourceTree = "<group>";
        };
        00000000000000000000000f = 
        {
            isa = PBXFileReference;
            lastKnownFileType = sourcecode.java;
            name = ObserverInterface.java;
            path = src/com/houdah/eocontrol/changenotification/ObserverInterface.java;
            sourceTree = "<group>";
        };
        000000000000000000000010 = 
        {
            isa = PBXFileReference;
            lastKnownFileType = sourcecode.java;
            name = Observer.java;
            path = src/com/houdah/eocontrol/changenotification/Observer.java;
            sourceTree = "<group>";
        };
        000000000000000000000011 = 
        {
            isa = PBXFileReference;
            lastKnownFileType = sourcecode.java;
            name = ChangeNotificationCenter.java;
            path = src/com/houdah/eocontrol/changenotification/ChangeNotificationCenter.java;
            sourceTree = "<group>";
        };
        000000000000000000000012 = 
        {
            isa = PBXFileReference;
            lastKnownFileType = sourcecode.java;
            name = GenericRecord.java;
            path = src/com/houdah/eocontrol/GenericRecord.java;
            sourceTree = "<group>";
        };
        000000000000000000000013 = 
        {
            isa = PBXFileReference;
            lastKnownFileType = sourcecode.java;
            name = EditingContextFactory.java;
            path = src/com/houdah/eocontrol/EditingContextFactory.java;
            sourceTree = "<group>";
        };
        000000000000000000000014 = 
        {
            isa = PBXFileReference;
            lastKnownFileType = sourcecode.java;
            name = EditingContext.java;
            path = src/com/houdah/eocontrol/EditingContext.java;
            sourceTree = "<group>";
        };
        000000000000000000000015 = 
        {
            isa = PBXFileReference;
            lastKnownFileType = sourcecode.java;
            name = SpecialityFetches.java;
            path = "/Users/houdah/houdah-webobjects-frameworks/HoudahEOAccess/src/com/houdah/eoaccess/utilities/SpecialityFetches.java";
            sourceTree = "<absolute>";
        };
        000000000000000000000016 = 
        {
            isa = PBXFileReference;
            lastKnownFileType = sourcecode.java;
            name = ModelUtilities.java;
            path = "/Users/houdah/houdah-webobjects-frameworks/HoudahEOAccess/src/com/houdah/eoaccess/utilities/ModelUtilities.java";
            sourceTree = "<absolute>";
        };
        000000000000000000000017 = 
        {
            isa = PBXFileReference;
            lastKnownFileType = sourcecode.java;
            name = FetchSpecBatchIterator.java;
            path = "/Users/houdah/houdah-webobjects-frameworks/HoudahEOAccess/src/com/houdah/eoaccess/utilities/FetchSpecBatchIterator.java";
            sourceTree = "<absolute>";
        };
        000000000000000000000018 = 
        {
            isa = PBXFileReference;
            lastKnownFileType = sourcecode.java;
            name = AdaptorExceptionUtilities.java;
            path = "/Users/houdah/houdah-webobjects-frameworks/HoudahEOAccess/src/com/houdah/eoaccess/utilities/AdaptorExceptionUtilities.java";
            sourceTree = "<absolute>";
        };
        000000000000000000000019 = 
        {
            isa = PBXFileReference;
            lastKnownFileType = sourcecode.java;
            name = AccessUtilities.java;
            path = "/Users/houdah/houdah-webobjects-frameworks/HoudahEOAccess/src/com/houdah/eoaccess/utilities/AccessUtilities.java";
            sourceTree = "<absolute>";
        };
        00000000000000000000001a = 
        {
            isa = PBXFileReference;
            lastKnownFileType = sourcecode.java;
            name = TrueQualifierSupport.java;
            path = "/Users/houdah/houdah-webobjects-frameworks/HoudahEOAccess/src/com/houdah/eoaccess/qualifiers/TrueQualifierSupport.java";
            sourceTree = "<absolute>";
        };
        00000000000000000000001b = 
        {
            isa = PBXFileReference;
            lastKnownFileType = sourcecode.java;
            name = QualifierUtilities.java;
            path = "/Users/houdah/houdah-webobjects-frameworks/HoudahEOAccess/src/com/houdah/eoaccess/qualifiers/QualifierUtilities.java";
            sourceTree = "<absolute>";
        };
        00000000000000000000001c = 
        {
            isa = PBXFileReference;
            lastKnownFileType = sourcecode.java;
            name = QualifierGenerationSupport.java;
            path = "/Users/houdah/houdah-webobjects-frameworks/HoudahEOAccess/src/com/houdah/eoaccess/qualifiers/QualifierGenerationSupport.java";
            sourceTree = "<absolute>";
        };
        00000000000000000000001d = 
        {
            isa = PBXFileReference;
            lastKnownFileType = sourcecode.java;
            name = PiggybackQualifierSupport.java;
            path = "/Users/houdah/houdah-webobjects-frameworks/HoudahEOAccess/src/com/houdah/eoaccess/qualifiers/PiggybackQualifierSupport.java";
            sourceTree = "<absolute>";
        };
        00000000000000000000001e = 
        {
            isa = PBXFileReference;
            lastKnownFileType = sourcecode.java;
            name = PeriodQualifierSupport.java;
            path = "/Users/houdah/houdah-webobjects-frameworks/HoudahEOAccess/src/com/houdah/eoaccess/qualifiers/PeriodQualifierSupport.java";
            sourceTree = "<absolute>";
        };
        00000000000000000000001f = 
        {
            isa = PBXFileReference;
            lastKnownFileType = sourcecode.java;
            name = InSubqueryQualifierSupport.java;
            path = "/Users/houdah/houdah-webobjects-frameworks/HoudahEOAccess/src/com/houdah/eoaccess/qualifiers/InSubqueryQualifierSupport.java";
            sourceTree = "<absolute>";
        };
        000000000000000000000020 = 
        {
            isa = PBXFileReference;
            lastKnownFileType = sourcecode.java;
            name = InSetQualifierSupport.java;
            path = "/Users/houdah/houdah-webobjects-frameworks/HoudahEOAccess/src/com/houdah/eoaccess/qualifiers/InSetQualifierSupport.java";
            sourceTree = "<absolute>";
        };
        000000000000000000000021 = 
        {
            isa = PBXFileReference;
            lastKnownFileType = sourcecode.java;
            name = FalseQualifierSupport.java;
            path = "/Users/houdah/houdah-webobjects-frameworks/HoudahEOAccess/src/com/houdah/eoaccess/qualifiers/FalseQualifierSupport.java";
            sourceTree = "<absolute>";
        };
        000000000000000000000022 = 
        {
            isa = PBXFileReference;
            lastKnownFileType = sourcecode.java;
            name = ExistsInRelationshipQualifierSupport.java;
            path = "/Users/houdah/houdah-webobjects-frameworks/HoudahEOAccess/src/com/houdah/eoaccess/qualifiers/ExistsInRelationshipQualifierSupport.java";
            sourceTree = "<absolute>";
        };
        000000000000000000000023 = 
        {
            isa = PBXFileReference;
            lastKnownFileType = sourcecode.java;
            name = BestRelationshipMatchesQualifierSupport.java;
            path = "/Users/houdah/houdah-webobjects-frameworks/HoudahEOAccess/src/com/houdah/eoaccess/qualifiers/BestRelationshipMatchesQualifierSupport.java";
            sourceTree = "<absolute>";
        };
        000000000000000000000024 = 
        {
            isa = PBXFileReference;
            lastKnownFileType = sourcecode.java;
            name = BestMatchQualifierSupport.java;
            path = "/Users/houdah/houdah-webobjects-frameworks/HoudahEOAccess/src/com/houdah/eoaccess/qualifiers/BestMatchQualifierSupport.java";
            sourceTree = "<absolute>";
        };
        000000000000000000000025 = 
        {
            isa = PBXFileReference;
            lastKnownFileType = sourcecode.java;
            name = DatabaseContextDelegateInterface.java;
            path = "/Users/houdah/houdah-webobjects-frameworks/HoudahEOAccess/src/com/houdah/eoaccess/databaseContext/DatabaseContextDelegateInterface.java";
            sourceTree = "<absolute>";
        };
        000000000000000000000026 = 
        {
            isa = PBXFileReference;
            lastKnownFileType = sourcecode.java;
            name = DatabaseContextDelegate.java;
            path = "/Users/houdah/houdah-webobjects-frameworks/HoudahEOAccess/src/com/houdah/eoaccess/databaseContext/DatabaseContextDelegate.java";
            sourceTree = "<absolute>";
        };
        000000000000000000000027 = 
        {
            isa = PBXFileReference;
            lastKnownFileType = sourcecode.java;
            name = DatabaseContext.java;
            path = "/Users/houdah/houdah-webobjects-frameworks/HoudahEOAccess/src/com/houdah/eoaccess/databaseContext/DatabaseContext.java";
            sourceTree = "<absolute>";
        };
        000000000000000000000028 = 
        {
            isa = PBXFileReference;
            lastKnownFileType = sourcecode.java;
            name = QualifierAttributeCoercion.java;
            path = "/Users/houdah/houdah-webobjects-frameworks/HoudahEOAccess/src/com/houdah/eoaccess/coercion/QualifierAttributeCoercion.java";
            sourceTree = "<absolute>";
        };
        000000000000000000000029 = 
        {
            isa = PBXFileReference;
            lastKnownFileType = sourcecode.java;
            name = PiggybackQualifierCoercionSupport.java;
            path = "/Users/houdah/houdah-webobjects-frameworks/HoudahEOAccess/src/com/houdah/eoaccess/coercion/PiggybackQualifierCoercionSupport.java";
            sourceTree = "<absolute>";
        };
        00000000000000000000002a = 
        {
            isa = PBXFileReference;
            lastKnownFileType = sourcecode.java;
            name = PeriodQualifierCoercionSupport.java;
            path = "/Users/houdah/houdah-webobjects-frameworks/HoudahEOAccess/src/com/houdah/eoaccess/coercion/PeriodQualifierCoercionSupport.java";
            sourceTree = "<absolute>";
        };
        00000000000000000000002b = 
        {
            isa = PBXFileReference;
            lastKnownFileType = sourcecode.java;
            name = InSubqueryQualifierCoercionSupport.java;
            path = "/Users/houdah/houdah-webobjects-frameworks/HoudahEOAccess/src/com/houdah/eoaccess/coercion/InSubqueryQualifierCoercionSupport.java";
            sourceTree = "<absolute>";
        };
        00000000000000000000002c = 
        {
            isa = PBXFileReference;
            lastKnownFileType = sourcecode.java;
            name = InSetQualifierCoercionSupport.java;
            path = "/Users/houdah/houdah-webobjects-frameworks/HoudahEOAccess/src/com/houdah/eoaccess/coercion/InSetQualifierCoercionSupport.java";
            sourceTree = "<absolute>";
        };
        00000000000000000000002d = 
        {
            isa = PBXFileReference;
            lastKnownFileType = sourcecode.java;
            name = ExistsInRelationshipQualifierCoercionSupport.java;
            path = "/Users/houdah/houdah-webobjects-frameworks/HoudahEOAccess/src/com/houdah/eoaccess/coercion/ExistsInRelationshipQualifierCoercionSupport.java";
            sourceTree = "<absolute>";
        };
        00000000000000000000002e = 
        {
            isa = PBXFileReference;
            lastKnownFileType = sourcecode.java;
            name = BestRelationshipMatchesQualifierCoercionSupport.java;
            path = "/Users/houdah/houdah-webobjects-frameworks/HoudahEOAccess/src/com/houdah/eoaccess/coercion/BestRelationshipMatchesQualifierCoercionSupport.java";
            sourceTree = "<absolute>";
        };
        00000000000000000000002f = 
        {
            isa = PBXFileReference;
            lastKnownFileType = sourcecode.java;
            name = BestMatchQualifierCoercionSupport.java;
            path = "/Users/houdah/houdah-webobjects-frameworks/HoudahEOAccess/src/com/houdah/eoaccess/coercion/BestMatchQualifierCoercionSupport.java";
            sourceTree = "<absolute>";
        };
        000000000000000000000030 = 
        {
            isa = PBXFileReference;
            lastKnownFileType = sourcecode.java;
            name = PrincipalClass.java;
            path = "/Users/houdah/houdah-webobjects-frameworks/HoudahEOAccess/src/com/houdah/eoaccess/PrincipalClass.java";
            sourceTree = "<absolute>";
        };
        000000000000000000000031 = 
        {
            isa = PBXFileReference;
            lastKnownFileType = sourcecode.java;
            name = Properties;
            path = Resources/Properties;
            sourceTree = "<group>";
        };
        000000000000000000000032 = 
        {
            isa = PBXFileReference;
            lastKnownFileType = sourcecode.java;
            name = CustomInfo.plist;
            path = CustomInfo.plist;
            sourceTree = "<group>";
        };
        000000000000000000000033 = 
        {
            isa = PBXFileReference;
            lastKnownFileType = sourcecode.java;
            name = Properties;
            path = "/Users/houdah/houdah-webobjects-frameworks/HoudahEOAccess/Resources/Properties";
            sourceTree = "<absolute>";
        };
        000000000000000000000034 = 
        {
            isa = PBXFileReference;
            lastKnownFileType = sourcecode.java;
            name = CustomInfo.plist;
            path = "/Users/houdah/houdah-webobjects-frameworks/HoudahEOAccess/CustomInfo.plist";
            sourceTree = "<absolute>";
        };
        000000000000000000000035 = 
        {
            isa = PBXFileReference;
            lastKnownFileType = wrapper.framework;
            name = HoudahFoundation.framework;
            path = "/Users/houdah/houdah-webobjects-frameworks/HoudahFoundation/build/HoudahFoundation.framework";
            sourceTree = "<absolute>";
        };
        000000000000000000000036 = 
        {
            isa = PBXFileReference;
            lastKnownFileType = wrapper.framework;
            name = JavaWebObjects.framework;
            path = /System/Library/Frameworks/JavaWebObjects.framework;
            sourceTree = "<absolute>";
        };
        000000000000000000000037 = 
        {
            isa = PBXFileReference;
            lastKnownFileType = wrapper.framework;
            name = JavaFoundation.framework;
            path = /System/Library/Frameworks/JavaFoundation.framework;
            sourceTree = "<absolute>";
        };
        000000000000000000000038 = 
        {
            isa = PBXFileReference;
            lastKnownFileType = wrapper.framework;
            name = JavaXML.framework;
            path = /System/Library/Frameworks/JavaXML.framework;
            sourceTree = "<absolute>";
        };
        000000000000000000000039 = 
        {
            isa = PBXFileReference;
            lastKnownFileType = wrapper.framework;
            name = JavaWOExtensions.framework;
            path = /Library/Frameworks/JavaWOExtensions.framework;
            sourceTree = "<absolute>";
        };
        00000000000000000000003a = 
        {
            isa = PBXFileReference;
            lastKnownFileType = wrapper.framework;
            name = JavaEOAccess.framework;
            path = /System/Library/Frameworks/JavaEOAccess.framework;
            sourceTree = "<absolute>";
        };
        00000000000000000000003b = 
        {
            isa = PBXFileReference;
            lastKnownFileType = wrapper.framework;
            name = JavaEOControl.framework;
            path = /System/Library/Frameworks/JavaEOControl.framework;
            sourceTree = "<absolute>";
        };
        00000000000000000000003c = 
        {
            isa = PBXFileReference;
            lastKnownFileType = wrapper.framework;
            name = JavaJDBCAdaptor.framework;
            path = /System/Library/Frameworks/JavaJDBCAdaptor.framework;
            sourceTree = "<absolute>";
        };
        00000000000000000000003d = 
        {
            isa = PBXFileReference;
            lastKnownFileType = wrapper.framework;
            name = HoudahEOControl.framework;
            path = "/Users/houdah/houdah-webobjects-frameworks/HoudahEOControl/build/HoudahEOControl.framework";
            sourceTree = "<absolute>";
        };
        00000000000000000000003e = 
        {
            isa = PBXFileReference;
            lastKnownFileType = wrapper.framework;
            name = HoudahEOControl.framework;
            path = /Library/Frameworks/HoudahEOControl.framework;
            sourceTree = "<absolute>";
        };
        00000000000000000000003f = 
        {
            children = 
            (
               000000000000000000000001, 
               000000000000000000000002, 
               000000000000000000000003, 
               000000000000000000000004, 
               000000000000000000000005, 
               000000000000000000000006, 
               000000000000000000000007, 
               000000000000000000000008, 
               000000000000000000000009, 
               00000000000000000000000a, 
               00000000000000000000000b, 
               00000000000000000000000c, 
               00000000000000000000000d, 
               00000000000000000000000e, 
               00000000000000000000000f, 
               000000000000000000000010, 
               000000000000000000000011, 
               000000000000000000000012, 
               000000000000000000000013, 
               000000000000000000000014, 
               000000000000000000000015, 
               000000000000000000000016, 
               000000000000000000000017, 
               000000000000000000000018, 
               000000000000000000000019, 
               00000000000000000000001a, 
               00000000000000000000001b, 
               00000000000000000000001c, 
               00000000000000000000001d, 
               00000000000000000000001e, 
               00000000000000000000001f, 
               000000000000000000000020, 
               000000000000000000000021, 
               000000000000000000000022, 
               000000000000000000000023, 
               000000000000000000000024, 
               000000000000000000000025, 
               000000000000000000000026, 
               000000000000000000000027, 
               000000000000000000000028, 
               000000000000000000000029, 
               00000000000000000000002a, 
               00000000000000000000002b, 
               00000000000000000000002c, 
               00000000000000000000002d, 
               00000000000000000000002e, 
               00000000000000000000002f, 
               000000000000000000000030
            );
            isa = PBXGroup;
            name = Sources;
            sourceTree = "<group>";
        };
        000000000000000000000040 = 
        {
            children = 
            (
               000000000000000000000031, 
               000000000000000000000032, 
               000000000000000000000033, 
               000000000000000000000034
            );
            isa = PBXGroup;
            name = Resources;
            sourceTree = "<group>";
        };
        000000000000000000000041 = 
        {
            children = 
            ();
            isa = PBXGroup;
            name = "Web Server";
            sourceTree = "<group>";
        };
        000000000000000000000042 = 
        {
            children = 
            (
               000000000000000000000035, 
               000000000000000000000036, 
               000000000000000000000037, 
               000000000000000000000038, 
               000000000000000000000039, 
               00000000000000000000003a, 
               00000000000000000000003b, 
               00000000000000000000003c, 
               00000000000000000000003d, 
               00000000000000000000003e
            );
            isa = PBXGroup;
            name = Frameworks;
            sourceTree = "<group>";
        };
        000000000000000000000043 = 
        {
            children = 
            (
               00000000000000000000003f, 
               000000000000000000000040, 
               000000000000000000000041, 
               000000000000000000000042
            );
            isa = PBXGroup;
            name = Root;
            sourceTree = "<group>";
        };
        000000000000000000000044 = 
        {
            fileRef = 000000000000000000000001;
            isa = PBXBuildFile;
        };
        000000000000000000000045 = 
        {
            fileRef = 000000000000000000000002;
            isa = PBXBuildFile;
        };
        000000000000000000000046 = 
        {
            fileRef = 000000000000000000000003;
            isa = PBXBuildFile;
        };
        000000000000000000000047 = 
        {
            fileRef = 000000000000000000000004;
            isa = PBXBuildFile;
        };
        000000000000000000000048 = 
        {
            fileRef = 000000000000000000000005;
            isa = PBXBuildFile;
        };
        000000000000000000000049 = 
        {
            fileRef = 000000000000000000000006;
            isa = PBXBuildFile;
        };
        00000000000000000000004a = 
        {
            fileRef = 000000000000000000000007;
            isa = PBXBuildFile;
        };
        00000000000000000000004b = 
        {
            fileRef = 000000000000000000000008;
            isa = PBXBuildFile;
        };
        00000000000000000000004c = 
        {
            fileRef = 000000000000000000000009;
            isa = PBXBuildFile;
        };
        00000000000000000000004d = 
        {
            fileRef = 00000000000000000000000a;
            isa = PBXBuildFile;
        };
        00000000000000000000004e = 
        {
            fileRef = 00000000000000000000000b;
            isa = PBXBuildFile;
        };
        00000000000000000000004f = 
        {
            fileRef = 00000000000000000000000c;
            isa = PBXBuildFile;
        };
        000000000000000000000050 = 
        {
            fileRef = 00000000000000000000000d;
            isa = PBXBuildFile;
        };
        000000000000000000000051 = 
        {
            fileRef = 00000000000000000000000e;
            isa = PBXBuildFile;
        };
        000000000000000000000052 = 
        {
            fileRef = 00000000000000000000000f;
            isa = PBXBuildFile;
        };
        000000000000000000000053 = 
        {
            fileRef = 000000000000000000000010;
            isa = PBXBuildFile;
        };
        000000000000000000000054 = 
        {
            fileRef = 000000000000000000000011;
            isa = PBXBuildFile;
        };
        000000000000000000000055 = 
        {
            fileRef = 000000000000000000000012;
            isa = PBXBuildFile;
        };
        000000000000000000000056 = 
        {
            fileRef = 000000000000000000000013;
            isa = PBXBuildFile;
        };
        000000000000000000000057 = 
        {
            fileRef = 000000000000000000000014;
            isa = PBXBuildFile;
        };
        000000000000000000000058 = 
        {
            fileRef = 000000000000000000000015;
            isa = PBXBuildFile;
        };
        000000000000000000000059 = 
        {
            fileRef = 000000000000000000000016;
            isa = PBXBuildFile;
        };
        00000000000000000000005a = 
        {
            fileRef = 000000000000000000000017;
            isa = PBXBuildFile;
        };
        00000000000000000000005b = 
        {
            fileRef = 000000000000000000000018;
            isa = PBXBuildFile;
        };
        00000000000000000000005c = 
        {
            fileRef = 000000000000000000000019;
            isa = PBXBuildFile;
        };
        00000000000000000000005d = 
        {
            fileRef = 00000000000000000000001a;
            isa = PBXBuildFile;
        };
        00000000000000000000005e = 
        {
            fileRef = 00000000000000000000001b;
            isa = PBXBuildFile;
        };
        00000000000000000000005f = 
        {
            fileRef = 00000000000000000000001c;
            isa = PBXBuildFile;
        };
        000000000000000000000060 = 
        {
            fileRef = 00000000000000000000001d;
            isa = PBXBuildFile;
        };
        000000000000000000000061 = 
        {
            fileRef = 00000000000000000000001e;
            isa = PBXBuildFile;
        };
        000000000000000000000062 = 
        {
            fileRef = 00000000000000000000001f;
            isa = PBXBuildFile;
        };
        000000000000000000000063 = 
        {
            fileRef = 000000000000000000000020;
            isa = PBXBuildFile;
        };
        000000000000000000000064 = 
        {
            fileRef = 000000000000000000000021;
            isa = PBXBuildFile;
        };
        000000000000000000000065 = 
        {
            fileRef = 000000000000000000000022;
            isa = PBXBuildFile;
        };
        000000000000000000000066 = 
        {
            fileRef = 000000000000000000000023;
            isa = PBXBuildFile;
        };
        000000000000000000000067 = 
        {
            fileRef = 000000000000000000000024;
            isa = PBXBuildFile;
        };
        000000000000000000000068 = 
        {
            fileRef = 000000000000000000000025;
            isa = PBXBuildFile;
        };
        000000000000000000000069 = 
        {
            fileRef = 000000000000000000000026;
            isa = PBXBuildFile;
        };
        00000000000000000000006a = 
        {
            fileRef = 000000000000000000000027;
            isa = PBXBuildFile;
        };
        00000000000000000000006b = 
        {
            fileRef = 000000000000000000000028;
            isa = PBXBuildFile;
        };
        00000000000000000000006c = 
        {
            fileRef = 000000000000000000000029;
            isa = PBXBuildFile;
        };
        00000000000000000000006d = 
        {
            fileRef = 00000000000000000000002a;
            isa = PBXBuildFile;
        };
        00000000000000000000006e = 
        {
            fileRef = 00000000000000000000002b;
            isa = PBXBuildFile;
        };
        00000000000000000000006f = 
        {
            fileRef = 00000000000000000000002c;
            isa = PBXBuildFile;
        };
        000000000000000000000070 = 
        {
            fileRef = 00000000000000000000002d;
            isa = PBXBuildFile;
        };
        000000000000000000000071 = 
        {
            fileRef = 00000000000000000000002e;
            isa = PBXBuildFile;
        };
        000000000000000000000072 = 
        {
            fileRef = 00000000000000000000002f;
            isa = PBXBuildFile;
        };
        000000000000000000000073 = 
        {
            fileRef = 000000000000000000000030;
            isa = PBXBuildFile;
        };
        000000000000000000000074 = 
        {
            files = 
            (
               000000000000000000000044, 
               000000000000000000000045, 
               000000000000000000000046, 
               000000000000000000000047, 
               000000000000000000000048, 
               000000000000000000000049, 
               00000000000000000000004a, 
               00000000000000000000004b, 
               00000000000000000000004c, 
               00000000000000000000004d, 
               00000000000000000000004e, 
               00000000000000000000004f, 
               000000000000000000000050, 
               000000000000000000000051, 
               000000000000000000000052, 
               000000000000000000000053, 
               000000000000000000000054, 
               000000000000000000000055, 
               000000000000000000000056, 
               000000000000000000000057, 
               000000000000000000000058, 
               000000000000000000000059, 
               00000000000000000000005a, 
               00000000000000000000005b, 
               00000000000000000000005c, 
               00000000000000000000005d, 
               00000000000000000000005e, 
               00000000000000000000005f, 
               000000000000000000000060, 
               000000000000000000000061, 
               000000000000000000000062, 
               000000000000000000000063, 
               000000000000000000000064, 
               000000000000000000000065, 
               000000000000000000000066, 
               000000000000000000000067, 
               000000000000000000000068, 
               000000000000000000000069, 
               00000000000000000000006a, 
               00000000000000000000006b, 
               00000000000000000000006c, 
               00000000000000000000006d, 
               00000000000000000000006e, 
               00000000000000000000006f, 
               000000000000000000000070, 
               000000000000000000000071, 
               000000000000000000000072, 
               000000000000000000000073
            );
            isa = PBXSourcesBuildPhase;
        };
        000000000000000000000075 = 
        {
            fileRef = 000000000000000000000031;
            isa = PBXBuildFile;
        };
        000000000000000000000076 = 
        {
            fileRef = 000000000000000000000032;
            isa = PBXBuildFile;
        };
        000000000000000000000077 = 
        {
            fileRef = 000000000000000000000033;
            isa = PBXBuildFile;
        };
        000000000000000000000078 = 
        {
            fileRef = 000000000000000000000034;
            isa = PBXBuildFile;
        };
        000000000000000000000079 = 
        {
            files = 
            (
               000000000000000000000075, 
               000000000000000000000076, 
               000000000000000000000077, 
               000000000000000000000078
            );
            isa = PBXResourcesBuildPhase;
        };
        00000000000000000000007a = 
        {
            files = 
            ();
            isa = PBXResourcesBuildPhase;
        };
        00000000000000000000007b = 
        {
            fileRef = 000000000000000000000035;
            isa = PBXBuildFile;
        };
        00000000000000000000007c = 
        {
            fileRef = 000000000000000000000036;
            isa = PBXBuildFile;
        };
        00000000000000000000007d = 
        {
            fileRef = 000000000000000000000037;
            isa = PBXBuildFile;
        };
        00000000000000000000007e = 
        {
            fileRef = 000000000000000000000038;
            isa = PBXBuildFile;
        };
        00000000000000000000007f = 
        {
            fileRef = 000000000000000000000039;
            isa = PBXBuildFile;
        };
        000000000000000000000080 = 
        {
            fileRef = 00000000000000000000003a;
            isa = PBXBuildFile;
        };
        000000000000000000000081 = 
        {
            fileRef = 00000000000000000000003b;
            isa = PBXBuildFile;
        };
        000000000000000000000082 = 
        {
            fileRef = 00000000000000000000003c;
            isa = PBXBuildFile;
        };
        000000000000000000000083 = 
        {
            fileRef = 00000000000000000000003d;
            isa = PBXBuildFile;
        };
        000000000000000000000084 = 
        {
            fileRef = 00000000000000000000003e;
            isa = PBXBuildFile;
        };
        000000000000000000000085 = 
        {
            files = 
            (
               00000000000000000000007b, 
               00000000000000000000007c, 
               00000000000000000000007d, 
               00000000000000000000007e, 
               00000000000000000000007f, 
               000000000000000000000080, 
               000000000000000000000081, 
               000000000000000000000082, 
               000000000000000000000083, 
               000000000000000000000084
            );
            isa = PBXFrameworksBuildPhase;
        };
        000000000000000000000086 = 
        {
            files = 
            ();
            isa = PBXSourcesBuildPhase;
        };
        000000000000000000000087 = 
        {
            files = 
            ();
            isa = PBXResourcesBuildPhase;
        };
        000000000000000000000088 = 
        {
            files = 
            ();
            isa = PBXResourcesBuildPhase;
        };
        000000000000000000000089 = 
        {
            files = 
            ();
            isa = PBXFrameworksBuildPhase;
        };
        00000000000000000000008a = 
        {
            buildSettings = 
            {
                COPY_PHASE_STRIP = NO;
            };
            isa = XCBuildConfiguration;
            name = Debug;
        };
        00000000000000000000008b = 
        {
            buildSettings = 
            {
                COPY_PHASE_STRIP = YES;
            };
            isa = XCBuildConfiguration;
            name = Release;
        };
        00000000000000000000008c = 
        {
            buildSettings = 
            {};
            isa = XCBuildConfiguration;
            name = Default;
        };
        00000000000000000000008d = 
        {
            buildConfigurations = 
            (
               00000000000000000000008a, 
               00000000000000000000008b, 
               00000000000000000000008c
            );
            defaultConfigurationIsVisible = 0;
            defaultConfigurationName = Default;
            isa = XCConfigurationList;
        };
        00000000000000000000008e = 
        {
            files = 
            ();
            isa = PBXSourcesBuildPhase;
        };
        00000000000000000000008f = 
        {
            files = 
            ();
            isa = PBXResourcesBuildPhase;
        };
        000000000000000000000090 = 
        {
            files = 
            ();
            isa = PBXResourcesBuildPhase;
        };
        000000000000000000000091 = 
        {
            files = 
            ();
            isa = PBXFrameworksBuildPhase;
        };
        000000000000000000000092 = 
        {
            buildPhases = 
            (
               000000000000000000000074, 
               000000000000000000000079, 
               00000000000000000000007a, 
               000000000000000000000085
            );
            buildSettings = 
            {};
            isa = PBXToolTarget;
            name = "Application Server";
        };
        000000000000000000000093 = 
        {
            buildArgumentsString = "-emacs $(ACTION)";
            buildConfigurationList = 00000000000000000000008d;
            buildPhases = 
            (
               000000000000000000000086, 
               000000000000000000000087, 
               000000000000000000000088, 
               000000000000000000000089
            );
            buildSettings = 
            {};
            buildToolPath = /Developer/Java/Ant/bin/ant;
            isa = PBXLegacyTarget;
            name = Ant;
            passBuildSettingsInEnvironment = 1;
            productName = Ant;
        };
        000000000000000000000094 = 
        {
            buildPhases = 
            (
               00000000000000000000008e, 
               00000000000000000000008f, 
               000000000000000000000090, 
               000000000000000000000091
            );
            buildSettings = 
            {};
            isa = PBXToolTarget;
            name = "Web Server";
        };
        000000000000000000000095 = 
        {
            buildSettings = 
            {};
            isa = XCBuildConfiguration;
            name = Debug;
        };
        000000000000000000000096 = 
        {
            buildSettings = 
            {};
            isa = XCBuildConfiguration;
            name = Release;
        };
        000000000000000000000097 = 
        {
            buildSettings = 
            {};
            isa = XCBuildConfiguration;
            name = Default;
        };
        000000000000000000000098 = 
        {
            buildConfigurations = 
            (
               000000000000000000000095, 
               000000000000000000000096, 
               000000000000000000000097
            );
            defaultConfigurationIsVisible = 0;
            defaultConfigurationName = Default;
            isa = XCConfigurationList;
        };
        000000000000000000000099 = 
        {
            buildSettings = 
            {
                COPY_PHASE_STRIP = NO;
            };
            isa = PBXBuildStyle;
            name = Debug;
        };
        00000000000000000000009a = 
        {
            buildSettings = 
            {
                COPY_PHASE_STRIP = YES;
            };
            isa = PBXBuildStyle;
            name = Release;
        };
        00000000000000000000009b = 
        {
            buildConfigurationList = 000000000000000000000098;
            buildSettings = 
            {};
            buildStyles = 
            (
               000000000000000000000099, 
               00000000000000000000009a
            );
            hasScannedForEncodings = 1;
            isa = PBXProject;
            mainGroup = 000000000000000000000043;
            projectDirPath = .;
            targets = 
            (
               000000000000000000000092, 
               000000000000000000000093, 
               000000000000000000000094
            );
        };
    };
    rootObject = 00000000000000000000009b;
}