
{
    archiveVersion = 1;
    classes = 
    {};
    objectVersion = 42;
    objects = 
    {
        000000000000000000000001 = 
        {
            isa = PBXFileReference;
            lastKnownFileType = sourcecode.java;
            name = TraceableRecord.java;
            path = src/com/houdah/auditTrail/TraceableRecord.java;
            sourceTree = "<group>";
        };
        000000000000000000000002 = 
        {
            isa = PBXFileReference;
            lastKnownFileType = sourcecode.java;
            name = PrincipalClass.java;
            path = src/com/houdah/auditTrail/PrincipalClass.java;
            sourceTree = "<group>";
        };
        000000000000000000000003 = 
        {
            isa = PBXFileReference;
            lastKnownFileType = sourcecode.java;
            name = ChangeableRecord.java;
            path = src/com/houdah/auditTrail/ChangeableRecord.java;
            sourceTree = "<group>";
        };
        000000000000000000000004 = 
        {
            isa = PBXFileReference;
            lastKnownFileType = sourcecode.java;
            name = AuditingEditor.java;
            path = src/com/houdah/auditTrail/AuditingEditor.java;
            sourceTree = "<group>";
        };
        000000000000000000000005 = 
        {
            isa = PBXFileReference;
            lastKnownFileType = sourcecode.java;
            name = AuditingEditingContextFactory.java;
            path = src/com/houdah/auditTrail/AuditingEditingContextFactory.java;
            sourceTree = "<group>";
        };
        000000000000000000000006 = 
        {
            isa = PBXFileReference;
            lastKnownFileType = sourcecode.java;
            name = AuditingEditingContext.java;
            path = src/com/houdah/auditTrail/AuditingEditingContext.java;
            sourceTree = "<group>";
        };
        000000000000000000000007 = 
        {
            isa = PBXFileReference;
            lastKnownFileType = sourcecode.java;
            name = AuditUser.java;
            path = src/com/houdah/auditTrail/AuditUser.java;
            sourceTree = "<group>";
        };
        000000000000000000000008 = 
        {
            isa = PBXFileReference;
            lastKnownFileType = sourcecode.java;
            name = default.agile.d2wmodel;
            path = Resources/default.agile.d2wmodel;
            sourceTree = "<group>";
        };
        000000000000000000000009 = 
        {
            isa = PBXFileReference;
            lastKnownFileType = sourcecode.java;
            name = CustomInfo.plist;
            path = Resources/CustomInfo.plist;
            sourceTree = "<group>";
        };
        00000000000000000000000a = 
        {
            isa = PBXFileReference;
            lastKnownFileType = sourcecode.java;
            name = Properties;
            path = Properties;
            sourceTree = "<group>";
        };
        00000000000000000000000b = 
        {
            isa = PBXFileReference;
            lastKnownFileType = wrapper.framework;
            name = HoudahEOAccess.framework;
            path = "/Users/pierre/Desktop/houdah-webobjects-frameworks/HoudahEOAccess/build/HoudahEOAccess.framework";
            sourceTree = "<absolute>";
        };
        00000000000000000000000c = 
        {
            isa = PBXFileReference;
            lastKnownFileType = wrapper.framework;
            name = HoudahEOControl.framework;
            path = "/Users/pierre/Desktop/houdah-webobjects-frameworks/HoudahEOControl/build/HoudahEOControl.framework";
            sourceTree = "<absolute>";
        };
        00000000000000000000000d = 
        {
            isa = PBXFileReference;
            lastKnownFileType = wrapper.framework;
            name = HoudahEOValidation.framework;
            path = "/Users/pierre/Desktop/houdah-webobjects-frameworks/HoudahEOValidation/build/HoudahEOValidation.framework";
            sourceTree = "<absolute>";
        };
        00000000000000000000000e = 
        {
            isa = PBXFileReference;
            lastKnownFileType = wrapper.framework;
            name = HoudahExtensions.framework;
            path = "/Users/pierre/Desktop/houdah-webobjects-frameworks/HoudahExtensions/build/HoudahExtensions.framework";
            sourceTree = "<absolute>";
        };
        00000000000000000000000f = 
        {
            isa = PBXFileReference;
            lastKnownFileType = wrapper.framework;
            name = HoudahFoundation.framework;
            path = "/Users/pierre/Desktop/houdah-webobjects-frameworks/HoudahFoundation/build/HoudahFoundation.framework";
            sourceTree = "<absolute>";
        };
        000000000000000000000010 = 
        {
            isa = PBXFileReference;
            lastKnownFileType = wrapper.framework;
            name = HoudahEOAccess.framework;
            path = /Library/Frameworks/HoudahEOAccess.framework;
            sourceTree = "<absolute>";
        };
        000000000000000000000011 = 
        {
            isa = PBXFileReference;
            lastKnownFileType = wrapper.framework;
            name = HoudahEOControl.framework;
            path = /Library/Frameworks/HoudahEOControl.framework;
            sourceTree = "<absolute>";
        };
        000000000000000000000012 = 
        {
            isa = PBXFileReference;
            lastKnownFileType = wrapper.framework;
            name = HoudahEOValidation.framework;
            path = /Library/Frameworks/HoudahEOValidation.framework;
            sourceTree = "<absolute>";
        };
        000000000000000000000013 = 
        {
            isa = PBXFileReference;
            lastKnownFileType = wrapper.framework;
            name = HoudahExtensions.framework;
            path = /Library/Frameworks/HoudahExtensions.framework;
            sourceTree = "<absolute>";
        };
        000000000000000000000014 = 
        {
            isa = PBXFileReference;
            lastKnownFileType = wrapper.framework;
            name = HoudahFoundation.framework;
            path = /Library/Frameworks/HoudahFoundation.framework;
            sourceTree = "<absolute>";
        };
        000000000000000000000015 = 
        {
            isa = PBXFileReference;
            lastKnownFileType = wrapper.framework;
            name = JavaEOAccess.framework;
            path = /System/Library/Frameworks/JavaEOAccess.framework;
            sourceTree = "<absolute>";
        };
        000000000000000000000016 = 
        {
            isa = PBXFileReference;
            lastKnownFileType = wrapper.framework;
            name = JavaEOControl.framework;
            path = /System/Library/Frameworks/JavaEOControl.framework;
            sourceTree = "<absolute>";
        };
        000000000000000000000017 = 
        {
            isa = PBXFileReference;
            lastKnownFileType = wrapper.framework;
            name = JavaFoundation.framework;
            path = /System/Library/Frameworks/JavaFoundation.framework;
            sourceTree = "<absolute>";
        };
        000000000000000000000018 = 
        {
            isa = PBXFileReference;
            lastKnownFileType = wrapper.framework;
            name = JavaJDBCAdaptor.framework;
            path = /System/Library/Frameworks/JavaJDBCAdaptor.framework;
            sourceTree = "<absolute>";
        };
        000000000000000000000019 = 
        {
            isa = PBXFileReference;
            lastKnownFileType = wrapper.framework;
            name = JavaWebObjects.framework;
            path = /System/Library/Frameworks/JavaWebObjects.framework;
            sourceTree = "<absolute>";
        };
        00000000000000000000001a = 
        {
            isa = PBXFileReference;
            lastKnownFileType = wrapper.framework;
            name = JavaWOExtensions.framework;
            path = /System/Library/Frameworks/JavaWOExtensions.framework;
            sourceTree = "<absolute>";
        };
        00000000000000000000001b = 
        {
            isa = PBXFileReference;
            lastKnownFileType = wrapper.framework;
            name = JavaXML.framework;
            path = /System/Library/Frameworks/JavaXML.framework;
            sourceTree = "<absolute>";
        };
        00000000000000000000001c = 
        {
            children = 
            (
               000000000000000000000001, 
               000000000000000000000002, 
               000000000000000000000003, 
               000000000000000000000004, 
               000000000000000000000005, 
               000000000000000000000006, 
               000000000000000000000007
            );
            isa = PBXGroup;
            name = Sources;
            sourceTree = "<group>";
        };
        00000000000000000000001d = 
        {
            children = 
            (
               000000000000000000000008, 
               000000000000000000000009, 
               00000000000000000000000a
            );
            isa = PBXGroup;
            name = Resources;
            sourceTree = "<group>";
        };
        00000000000000000000001e = 
        {
            children = 
            ();
            isa = PBXGroup;
            name = "Web Server";
            sourceTree = "<group>";
        };
        00000000000000000000001f = 
        {
            children = 
            (
               00000000000000000000000b, 
               00000000000000000000000c, 
               00000000000000000000000d, 
               00000000000000000000000e, 
               00000000000000000000000f, 
               000000000000000000000010, 
               000000000000000000000011, 
               000000000000000000000012, 
               000000000000000000000013, 
               000000000000000000000014, 
               000000000000000000000015, 
               000000000000000000000016, 
               000000000000000000000017, 
               000000000000000000000018, 
               000000000000000000000019, 
               00000000000000000000001a, 
               00000000000000000000001b
            );
            isa = PBXGroup;
            name = Frameworks;
            sourceTree = "<group>";
        };
        000000000000000000000020 = 
        {
            children = 
            (
               00000000000000000000001c, 
               00000000000000000000001d, 
               00000000000000000000001e, 
               00000000000000000000001f
            );
            isa = PBXGroup;
            name = Root;
            sourceTree = "<group>";
        };
        000000000000000000000021 = 
        {
            fileRef = 000000000000000000000001;
            isa = PBXBuildFile;
        };
        000000000000000000000022 = 
        {
            fileRef = 000000000000000000000002;
            isa = PBXBuildFile;
        };
        000000000000000000000023 = 
        {
            fileRef = 000000000000000000000003;
            isa = PBXBuildFile;
        };
        000000000000000000000024 = 
        {
            fileRef = 000000000000000000000004;
            isa = PBXBuildFile;
        };
        000000000000000000000025 = 
        {
            fileRef = 000000000000000000000005;
            isa = PBXBuildFile;
        };
        000000000000000000000026 = 
        {
            fileRef = 000000000000000000000006;
            isa = PBXBuildFile;
        };
        000000000000000000000027 = 
        {
            fileRef = 000000000000000000000007;
            isa = PBXBuildFile;
        };
        000000000000000000000028 = 
        {
            files = 
            (
               000000000000000000000021, 
               000000000000000000000022, 
               000000000000000000000023, 
               000000000000000000000024, 
               000000000000000000000025, 
               000000000000000000000026, 
               000000000000000000000027
            );
            isa = PBXSourcesBuildPhase;
        };
        000000000000000000000029 = 
        {
            fileRef = 000000000000000000000008;
            isa = PBXBuildFile;
        };
        00000000000000000000002a = 
        {
            fileRef = 000000000000000000000009;
            isa = PBXBuildFile;
        };
        00000000000000000000002b = 
        {
            fileRef = 00000000000000000000000a;
            isa = PBXBuildFile;
        };
        00000000000000000000002c = 
        {
            files = 
            (
               000000000000000000000029, 
               00000000000000000000002a, 
               00000000000000000000002b
            );
            isa = PBXResourcesBuildPhase;
        };
        00000000000000000000002d = 
        {
            files = 
            ();
            isa = PBXResourcesBuildPhase;
        };
        00000000000000000000002e = 
        {
            fileRef = 00000000000000000000000b;
            isa = PBXBuildFile;
        };
        00000000000000000000002f = 
        {
            fileRef = 00000000000000000000000c;
            isa = PBXBuildFile;
        };
        000000000000000000000030 = 
        {
            fileRef = 00000000000000000000000d;
            isa = PBXBuildFile;
        };
        000000000000000000000031 = 
        {
            fileRef = 00000000000000000000000e;
            isa = PBXBuildFile;
        };
        000000000000000000000032 = 
        {
            fileRef = 00000000000000000000000f;
            isa = PBXBuildFile;
        };
        000000000000000000000033 = 
        {
            fileRef = 000000000000000000000010;
            isa = PBXBuildFile;
        };
        000000000000000000000034 = 
        {
            fileRef = 000000000000000000000011;
            isa = PBXBuildFile;
        };
        000000000000000000000035 = 
        {
            fileRef = 000000000000000000000012;
            isa = PBXBuildFile;
        };
        000000000000000000000036 = 
        {
            fileRef = 000000000000000000000013;
            isa = PBXBuildFile;
        };
        000000000000000000000037 = 
        {
            fileRef = 000000000000000000000014;
            isa = PBXBuildFile;
        };
        000000000000000000000038 = 
        {
            fileRef = 000000000000000000000015;
            isa = PBXBuildFile;
        };
        000000000000000000000039 = 
        {
            fileRef = 000000000000000000000016;
            isa = PBXBuildFile;
        };
        00000000000000000000003a = 
        {
            fileRef = 000000000000000000000017;
            isa = PBXBuildFile;
        };
        00000000000000000000003b = 
        {
            fileRef = 000000000000000000000018;
            isa = PBXBuildFile;
        };
        00000000000000000000003c = 
        {
            fileRef = 000000000000000000000019;
            isa = PBXBuildFile;
        };
        00000000000000000000003d = 
        {
            fileRef = 00000000000000000000001a;
            isa = PBXBuildFile;
        };
        00000000000000000000003e = 
        {
            fileRef = 00000000000000000000001b;
            isa = PBXBuildFile;
        };
        00000000000000000000003f = 
        {
            files = 
            (
               00000000000000000000002e, 
               00000000000000000000002f, 
               000000000000000000000030, 
               000000000000000000000031, 
               000000000000000000000032, 
               000000000000000000000033, 
               000000000000000000000034, 
               000000000000000000000035, 
               000000000000000000000036, 
               000000000000000000000037, 
               000000000000000000000038, 
               000000000000000000000039, 
               00000000000000000000003a, 
               00000000000000000000003b, 
               00000000000000000000003c, 
               00000000000000000000003d, 
               00000000000000000000003e
            );
            isa = PBXFrameworksBuildPhase;
        };
        000000000000000000000040 = 
        {
            files = 
            ();
            isa = PBXSourcesBuildPhase;
        };
        000000000000000000000041 = 
        {
            files = 
            ();
            isa = PBXResourcesBuildPhase;
        };
        000000000000000000000042 = 
        {
            files = 
            ();
            isa = PBXResourcesBuildPhase;
        };
        000000000000000000000043 = 
        {
            files = 
            ();
            isa = PBXFrameworksBuildPhase;
        };
        000000000000000000000044 = 
        {
            buildSettings = 
            {
                COPY_PHASE_STRIP = NO;
            };
            isa = XCBuildConfiguration;
            name = Debug;
        };
        000000000000000000000045 = 
        {
            buildSettings = 
            {
                COPY_PHASE_STRIP = YES;
            };
            isa = XCBuildConfiguration;
            name = Release;
        };
        000000000000000000000046 = 
        {
            buildSettings = 
            {};
            isa = XCBuildConfiguration;
            name = Default;
        };
        000000000000000000000047 = 
        {
            buildConfigurations = 
            (
               000000000000000000000044, 
               000000000000000000000045, 
               000000000000000000000046
            );
            defaultConfigurationIsVisible = 0;
            defaultConfigurationName = Default;
            isa = XCConfigurationList;
        };
        000000000000000000000048 = 
        {
            files = 
            ();
            isa = PBXSourcesBuildPhase;
        };
        000000000000000000000049 = 
        {
            files = 
            ();
            isa = PBXResourcesBuildPhase;
        };
        00000000000000000000004a = 
        {
            files = 
            ();
            isa = PBXResourcesBuildPhase;
        };
        00000000000000000000004b = 
        {
            files = 
            ();
            isa = PBXFrameworksBuildPhase;
        };
        00000000000000000000004c = 
        {
            buildPhases = 
            (
               000000000000000000000028, 
               00000000000000000000002c, 
               00000000000000000000002d, 
               00000000000000000000003f
            );
            buildSettings = 
            {};
            isa = PBXToolTarget;
            name = "Application Server";
        };
        00000000000000000000004d = 
        {
            buildArgumentsString = "-emacs $(ACTION)";
            buildConfigurationList = 000000000000000000000047;
            buildPhases = 
            (
               000000000000000000000040, 
               000000000000000000000041, 
               000000000000000000000042, 
               000000000000000000000043
            );
            buildSettings = 
            {};
            buildToolPath = /Developer/Java/Ant/bin/ant;
            isa = PBXLegacyTarget;
            name = Ant;
            passBuildSettingsInEnvironment = 1;
            productName = Ant;
        };
        00000000000000000000004e = 
        {
            buildPhases = 
            (
               000000000000000000000048, 
               000000000000000000000049, 
               00000000000000000000004a, 
               00000000000000000000004b
            );
            buildSettings = 
            {};
            isa = PBXToolTarget;
            name = "Web Server";
        };
        00000000000000000000004f = 
        {
            buildSettings = 
            {};
            isa = XCBuildConfiguration;
            name = Debug;
        };
        000000000000000000000050 = 
        {
            buildSettings = 
            {};
            isa = XCBuildConfiguration;
            name = Release;
        };
        000000000000000000000051 = 
        {
            buildSettings = 
            {};
            isa = XCBuildConfiguration;
            name = Default;
        };
        000000000000000000000052 = 
        {
            buildConfigurations = 
            (
               00000000000000000000004f, 
               000000000000000000000050, 
               000000000000000000000051
            );
            defaultConfigurationIsVisible = 0;
            defaultConfigurationName = Default;
            isa = XCConfigurationList;
        };
        000000000000000000000053 = 
        {
            buildSettings = 
            {
                COPY_PHASE_STRIP = NO;
            };
            isa = PBXBuildStyle;
            name = Debug;
        };
        000000000000000000000054 = 
        {
            buildSettings = 
            {
                COPY_PHASE_STRIP = YES;
            };
            isa = PBXBuildStyle;
            name = Release;
        };
        000000000000000000000055 = 
        {
            buildConfigurationList = 000000000000000000000052;
            buildSettings = 
            {};
            buildStyles = 
            (
               000000000000000000000053, 
               000000000000000000000054
            );
            hasScannedForEncodings = 1;
            isa = PBXProject;
            mainGroup = 000000000000000000000020;
            projectDirPath = .;
            targets = 
            (
               00000000000000000000004c, 
               00000000000000000000004d, 
               00000000000000000000004e
            );
        };
    };
    rootObject = 000000000000000000000055;
}