
{
    archiveVersion = 1;
    classes = 
    {};
    objectVersion = 42;
    objects = 
    {
        000000000000000000000001 = 
        {
            isa = PBXFileReference;
            lastKnownFileType = sourcecode.java;
            name = SpecialityFetches.java;
            path = src/com/houdah/eoaccess/utilities/SpecialityFetches.java;
            sourceTree = "<group>";
        };
        000000000000000000000002 = 
        {
            isa = PBXFileReference;
            lastKnownFileType = sourcecode.java;
            name = ModelUtilities.java;
            path = src/com/houdah/eoaccess/utilities/ModelUtilities.java;
            sourceTree = "<group>";
        };
        000000000000000000000003 = 
        {
            isa = PBXFileReference;
            lastKnownFileType = sourcecode.java;
            name = FetchSpecBatchIterator.java;
            path = src/com/houdah/eoaccess/utilities/FetchSpecBatchIterator.java;
            sourceTree = "<group>";
        };
        000000000000000000000004 = 
        {
            isa = PBXFileReference;
            lastKnownFileType = sourcecode.java;
            name = AdaptorExceptionUtilities.java;
            path = src/com/houdah/eoaccess/utilities/AdaptorExceptionUtilities.java;
            sourceTree = "<group>";
        };
        000000000000000000000005 = 
        {
            isa = PBXFileReference;
            lastKnownFileType = sourcecode.java;
            name = AccessUtilities.java;
            path = src/com/houdah/eoaccess/utilities/AccessUtilities.java;
            sourceTree = "<group>";
        };
        000000000000000000000006 = 
        {
            isa = PBXFileReference;
            lastKnownFileType = sourcecode.java;
            name = TrueQualifierSupport.java;
            path = src/com/houdah/eoaccess/qualifiers/TrueQualifierSupport.java;
            sourceTree = "<group>";
        };
        000000000000000000000007 = 
        {
            isa = PBXFileReference;
            lastKnownFileType = sourcecode.java;
            name = QualifierUtilities.java;
            path = src/com/houdah/eoaccess/qualifiers/QualifierUtilities.java;
            sourceTree = "<group>";
        };
        000000000000000000000008 = 
        {
            isa = PBXFileReference;
            lastKnownFileType = sourcecode.java;
            name = QualifierGenerationSupport.java;
            path = src/com/houdah/eoaccess/qualifiers/QualifierGenerationSupport.java;
            sourceTree = "<group>";
        };
        000000000000000000000009 = 
        {
            isa = PBXFileReference;
            lastKnownFileType = sourcecode.java;
            name = PiggybackQualifierSupport.java;
            path = src/com/houdah/eoaccess/qualifiers/PiggybackQualifierSupport.java;
            sourceTree = "<group>";
        };
        00000000000000000000000a = 
        {
            isa = PBXFileReference;
            lastKnownFileType = sourcecode.java;
            name = PeriodQualifierSupport.java;
            path = src/com/houdah/eoaccess/qualifiers/PeriodQualifierSupport.java;
            sourceTree = "<group>";
        };
        00000000000000000000000b = 
        {
            isa = PBXFileReference;
            lastKnownFileType = sourcecode.java;
            name = InSubqueryQualifierSupport.java;
            path = src/com/houdah/eoaccess/qualifiers/InSubqueryQualifierSupport.java;
            sourceTree = "<group>";
        };
        00000000000000000000000c = 
        {
            isa = PBXFileReference;
            lastKnownFileType = sourcecode.java;
            name = InSetQualifierSupport.java;
            path = src/com/houdah/eoaccess/qualifiers/InSetQualifierSupport.java;
            sourceTree = "<group>";
        };
        00000000000000000000000d = 
        {
            isa = PBXFileReference;
            lastKnownFileType = sourcecode.java;
            name = FalseQualifierSupport.java;
            path = src/com/houdah/eoaccess/qualifiers/FalseQualifierSupport.java;
            sourceTree = "<group>";
        };
        00000000000000000000000e = 
        {
            isa = PBXFileReference;
            lastKnownFileType = sourcecode.java;
            name = ExistsInRelationshipQualifierSupport.java;
            path = src/com/houdah/eoaccess/qualifiers/ExistsInRelationshipQualifierSupport.java;
            sourceTree = "<group>";
        };
        00000000000000000000000f = 
        {
            isa = PBXFileReference;
            lastKnownFileType = sourcecode.java;
            name = BestRelationshipMatchesQualifierSupport.java;
            path = src/com/houdah/eoaccess/qualifiers/BestRelationshipMatchesQualifierSupport.java;
            sourceTree = "<group>";
        };
        000000000000000000000010 = 
        {
            isa = PBXFileReference;
            lastKnownFileType = sourcecode.java;
            name = BestMatchQualifierSupport.java;
            path = src/com/houdah/eoaccess/qualifiers/BestMatchQualifierSupport.java;
            sourceTree = "<group>";
        };
        000000000000000000000011 = 
        {
            isa = PBXFileReference;
            lastKnownFileType = sourcecode.java;
            name = DatabaseContextDelegateInterface.java;
            path = src/com/houdah/eoaccess/databaseContext/DatabaseContextDelegateInterface.java;
            sourceTree = "<group>";
        };
        000000000000000000000012 = 
        {
            isa = PBXFileReference;
            lastKnownFileType = sourcecode.java;
            name = DatabaseContextDelegate.java;
            path = src/com/houdah/eoaccess/databaseContext/DatabaseContextDelegate.java;
            sourceTree = "<group>";
        };
        000000000000000000000013 = 
        {
            isa = PBXFileReference;
            lastKnownFileType = sourcecode.java;
            name = DatabaseContext.java;
            path = src/com/houdah/eoaccess/databaseContext/DatabaseContext.java;
            sourceTree = "<group>";
        };
        000000000000000000000014 = 
        {
            isa = PBXFileReference;
            lastKnownFileType = sourcecode.java;
            name = QualifierAttributeCoercion.java;
            path = src/com/houdah/eoaccess/coercion/QualifierAttributeCoercion.java;
            sourceTree = "<group>";
        };
        000000000000000000000015 = 
        {
            isa = PBXFileReference;
            lastKnownFileType = sourcecode.java;
            name = PiggybackQualifierCoercionSupport.java;
            path = src/com/houdah/eoaccess/coercion/PiggybackQualifierCoercionSupport.java;
            sourceTree = "<group>";
        };
        000000000000000000000016 = 
        {
            isa = PBXFileReference;
            lastKnownFileType = sourcecode.java;
            name = PeriodQualifierCoercionSupport.java;
            path = src/com/houdah/eoaccess/coercion/PeriodQualifierCoercionSupport.java;
            sourceTree = "<group>";
        };
        000000000000000000000017 = 
        {
            isa = PBXFileReference;
            lastKnownFileType = sourcecode.java;
            name = InSubqueryQualifierCoercionSupport.java;
            path = src/com/houdah/eoaccess/coercion/InSubqueryQualifierCoercionSupport.java;
            sourceTree = "<group>";
        };
        000000000000000000000018 = 
        {
            isa = PBXFileReference;
            lastKnownFileType = sourcecode.java;
            name = InSetQualifierCoercionSupport.java;
            path = src/com/houdah/eoaccess/coercion/InSetQualifierCoercionSupport.java;
            sourceTree = "<group>";
        };
        000000000000000000000019 = 
        {
            isa = PBXFileReference;
            lastKnownFileType = sourcecode.java;
            name = ExistsInRelationshipQualifierCoercionSupport.java;
            path = src/com/houdah/eoaccess/coercion/ExistsInRelationshipQualifierCoercionSupport.java;
            sourceTree = "<group>";
        };
        00000000000000000000001a = 
        {
            isa = PBXFileReference;
            lastKnownFileType = sourcecode.java;
            name = BestRelationshipMatchesQualifierCoercionSupport.java;
            path = src/com/houdah/eoaccess/coercion/BestRelationshipMatchesQualifierCoercionSupport.java;
            sourceTree = "<group>";
        };
        00000000000000000000001b = 
        {
            isa = PBXFileReference;
            lastKnownFileType = sourcecode.java;
            name = BestMatchQualifierCoercionSupport.java;
            path = src/com/houdah/eoaccess/coercion/BestMatchQualifierCoercionSupport.java;
            sourceTree = "<group>";
        };
        00000000000000000000001c = 
        {
            isa = PBXFileReference;
            lastKnownFileType = sourcecode.java;
            name = PrincipalClass.java;
            path = src/com/houdah/eoaccess/PrincipalClass.java;
            sourceTree = "<group>";
        };
        00000000000000000000001d = 
        {
            isa = PBXFileReference;
            lastKnownFileType = sourcecode.java;
            name = Properties;
            path = Resources/Properties;
            sourceTree = "<group>";
        };
        00000000000000000000001e = 
        {
            isa = PBXFileReference;
            lastKnownFileType = sourcecode.java;
            name = CustomInfo.plist;
            path = CustomInfo.plist;
            sourceTree = "<group>";
        };
        00000000000000000000001f = 
        {
            isa = PBXFileReference;
            lastKnownFileType = wrapper.framework;
            name = HoudahEOControl.framework;
            path = "/Users/pierre/Desktop/houdah-webobjects-frameworks/HoudahEOControl/build/HoudahEOControl.framework";
            sourceTree = "<absolute>";
        };
        000000000000000000000020 = 
        {
            isa = PBXFileReference;
            lastKnownFileType = wrapper.framework;
            name = HoudahFoundation.framework;
            path = "/Users/pierre/Desktop/houdah-webobjects-frameworks/HoudahFoundation/build/HoudahFoundation.framework";
            sourceTree = "<absolute>";
        };
        000000000000000000000021 = 
        {
            isa = PBXFileReference;
            lastKnownFileType = wrapper.framework;
            name = HoudahEOControl.framework;
            path = /Library/Frameworks/HoudahEOControl.framework;
            sourceTree = "<absolute>";
        };
        000000000000000000000022 = 
        {
            isa = PBXFileReference;
            lastKnownFileType = wrapper.framework;
            name = JavaWOExtensions.framework;
            path = /System/Library/Frameworks/JavaWOExtensions.framework;
            sourceTree = "<absolute>";
        };
        000000000000000000000023 = 
        {
            isa = PBXFileReference;
            lastKnownFileType = wrapper.framework;
            name = JavaEOAccess.framework;
            path = /System/Library/Frameworks/JavaEOAccess.framework;
            sourceTree = "<absolute>";
        };
        000000000000000000000024 = 
        {
            isa = PBXFileReference;
            lastKnownFileType = wrapper.framework;
            name = JavaEOControl.framework;
            path = /System/Library/Frameworks/JavaEOControl.framework;
            sourceTree = "<absolute>";
        };
        000000000000000000000025 = 
        {
            isa = PBXFileReference;
            lastKnownFileType = wrapper.framework;
            name = JavaFoundation.framework;
            path = /System/Library/Frameworks/JavaFoundation.framework;
            sourceTree = "<absolute>";
        };
        000000000000000000000026 = 
        {
            isa = PBXFileReference;
            lastKnownFileType = wrapper.framework;
            name = JavaJDBCAdaptor.framework;
            path = /System/Library/Frameworks/JavaJDBCAdaptor.framework;
            sourceTree = "<absolute>";
        };
        000000000000000000000027 = 
        {
            isa = PBXFileReference;
            lastKnownFileType = wrapper.framework;
            name = JavaWebObjects.framework;
            path = /System/Library/Frameworks/JavaWebObjects.framework;
            sourceTree = "<absolute>";
        };
        000000000000000000000028 = 
        {
            isa = PBXFileReference;
            lastKnownFileType = wrapper.framework;
            name = JavaXML.framework;
            path = /System/Library/Frameworks/JavaXML.framework;
            sourceTree = "<absolute>";
        };
        000000000000000000000029 = 
        {
            children = 
            (
               000000000000000000000001, 
               000000000000000000000002, 
               000000000000000000000003, 
               000000000000000000000004, 
               000000000000000000000005, 
               000000000000000000000006, 
               000000000000000000000007, 
               000000000000000000000008, 
               000000000000000000000009, 
               00000000000000000000000a, 
               00000000000000000000000b, 
               00000000000000000000000c, 
               00000000000000000000000d, 
               00000000000000000000000e, 
               00000000000000000000000f, 
               000000000000000000000010, 
               000000000000000000000011, 
               000000000000000000000012, 
               000000000000000000000013, 
               000000000000000000000014, 
               000000000000000000000015, 
               000000000000000000000016, 
               000000000000000000000017, 
               000000000000000000000018, 
               000000000000000000000019, 
               00000000000000000000001a, 
               00000000000000000000001b, 
               00000000000000000000001c
            );
            isa = PBXGroup;
            name = Sources;
            sourceTree = "<group>";
        };
        00000000000000000000002a = 
        {
            children = 
            (
               00000000000000000000001d, 
               00000000000000000000001e
            );
            isa = PBXGroup;
            name = Resources;
            sourceTree = "<group>";
        };
        00000000000000000000002b = 
        {
            children = 
            ();
            isa = PBXGroup;
            name = "Web Server";
            sourceTree = "<group>";
        };
        00000000000000000000002c = 
        {
            children = 
            (
               00000000000000000000001f, 
               000000000000000000000020, 
               000000000000000000000021, 
               000000000000000000000022, 
               000000000000000000000023, 
               000000000000000000000024, 
               000000000000000000000025, 
               000000000000000000000026, 
               000000000000000000000027, 
               000000000000000000000028
            );
            isa = PBXGroup;
            name = Frameworks;
            sourceTree = "<group>";
        };
        00000000000000000000002d = 
        {
            children = 
            (
               000000000000000000000029, 
               00000000000000000000002a, 
               00000000000000000000002b, 
               00000000000000000000002c
            );
            isa = PBXGroup;
            name = Root;
            sourceTree = "<group>";
        };
        00000000000000000000002e = 
        {
            fileRef = 000000000000000000000001;
            isa = PBXBuildFile;
        };
        00000000000000000000002f = 
        {
            fileRef = 000000000000000000000002;
            isa = PBXBuildFile;
        };
        000000000000000000000030 = 
        {
            fileRef = 000000000000000000000003;
            isa = PBXBuildFile;
        };
        000000000000000000000031 = 
        {
            fileRef = 000000000000000000000004;
            isa = PBXBuildFile;
        };
        000000000000000000000032 = 
        {
            fileRef = 000000000000000000000005;
            isa = PBXBuildFile;
        };
        000000000000000000000033 = 
        {
            fileRef = 000000000000000000000006;
            isa = PBXBuildFile;
        };
        000000000000000000000034 = 
        {
            fileRef = 000000000000000000000007;
            isa = PBXBuildFile;
        };
        000000000000000000000035 = 
        {
            fileRef = 000000000000000000000008;
            isa = PBXBuildFile;
        };
        000000000000000000000036 = 
        {
            fileRef = 000000000000000000000009;
            isa = PBXBuildFile;
        };
        000000000000000000000037 = 
        {
            fileRef = 00000000000000000000000a;
            isa = PBXBuildFile;
        };
        000000000000000000000038 = 
        {
            fileRef = 00000000000000000000000b;
            isa = PBXBuildFile;
        };
        000000000000000000000039 = 
        {
            fileRef = 00000000000000000000000c;
            isa = PBXBuildFile;
        };
        00000000000000000000003a = 
        {
            fileRef = 00000000000000000000000d;
            isa = PBXBuildFile;
        };
        00000000000000000000003b = 
        {
            fileRef = 00000000000000000000000e;
            isa = PBXBuildFile;
        };
        00000000000000000000003c = 
        {
            fileRef = 00000000000000000000000f;
            isa = PBXBuildFile;
        };
        00000000000000000000003d = 
        {
            fileRef = 000000000000000000000010;
            isa = PBXBuildFile;
        };
        00000000000000000000003e = 
        {
            fileRef = 000000000000000000000011;
            isa = PBXBuildFile;
        };
        00000000000000000000003f = 
        {
            fileRef = 000000000000000000000012;
            isa = PBXBuildFile;
        };
        000000000000000000000040 = 
        {
            fileRef = 000000000000000000000013;
            isa = PBXBuildFile;
        };
        000000000000000000000041 = 
        {
            fileRef = 000000000000000000000014;
            isa = PBXBuildFile;
        };
        000000000000000000000042 = 
        {
            fileRef = 000000000000000000000015;
            isa = PBXBuildFile;
        };
        000000000000000000000043 = 
        {
            fileRef = 000000000000000000000016;
            isa = PBXBuildFile;
        };
        000000000000000000000044 = 
        {
            fileRef = 000000000000000000000017;
            isa = PBXBuildFile;
        };
        000000000000000000000045 = 
        {
            fileRef = 000000000000000000000018;
            isa = PBXBuildFile;
        };
        000000000000000000000046 = 
        {
            fileRef = 000000000000000000000019;
            isa = PBXBuildFile;
        };
        000000000000000000000047 = 
        {
            fileRef = 00000000000000000000001a;
            isa = PBXBuildFile;
        };
        000000000000000000000048 = 
        {
            fileRef = 00000000000000000000001b;
            isa = PBXBuildFile;
        };
        000000000000000000000049 = 
        {
            fileRef = 00000000000000000000001c;
            isa = PBXBuildFile;
        };
        00000000000000000000004a = 
        {
            files = 
            (
               00000000000000000000002e, 
               00000000000000000000002f, 
               000000000000000000000030, 
               000000000000000000000031, 
               000000000000000000000032, 
               000000000000000000000033, 
               000000000000000000000034, 
               000000000000000000000035, 
               000000000000000000000036, 
               000000000000000000000037, 
               000000000000000000000038, 
               000000000000000000000039, 
               00000000000000000000003a, 
               00000000000000000000003b, 
               00000000000000000000003c, 
               00000000000000000000003d, 
               00000000000000000000003e, 
               00000000000000000000003f, 
               000000000000000000000040, 
               000000000000000000000041, 
               000000000000000000000042, 
               000000000000000000000043, 
               000000000000000000000044, 
               000000000000000000000045, 
               000000000000000000000046, 
               000000000000000000000047, 
               000000000000000000000048, 
               000000000000000000000049
            );
            isa = PBXSourcesBuildPhase;
        };
        00000000000000000000004b = 
        {
            fileRef = 00000000000000000000001d;
            isa = PBXBuildFile;
        };
        00000000000000000000004c = 
        {
            fileRef = 00000000000000000000001e;
            isa = PBXBuildFile;
        };
        00000000000000000000004d = 
        {
            files = 
            (
               00000000000000000000004b, 
               00000000000000000000004c
            );
            isa = PBXResourcesBuildPhase;
        };
        00000000000000000000004e = 
        {
            files = 
            ();
            isa = PBXResourcesBuildPhase;
        };
        00000000000000000000004f = 
        {
            fileRef = 00000000000000000000001f;
            isa = PBXBuildFile;
        };
        000000000000000000000050 = 
        {
            fileRef = 000000000000000000000020;
            isa = PBXBuildFile;
        };
        000000000000000000000051 = 
        {
            fileRef = 000000000000000000000021;
            isa = PBXBuildFile;
        };
        000000000000000000000052 = 
        {
            fileRef = 000000000000000000000022;
            isa = PBXBuildFile;
        };
        000000000000000000000053 = 
        {
            fileRef = 000000000000000000000023;
            isa = PBXBuildFile;
        };
        000000000000000000000054 = 
        {
            fileRef = 000000000000000000000024;
            isa = PBXBuildFile;
        };
        000000000000000000000055 = 
        {
            fileRef = 000000000000000000000025;
            isa = PBXBuildFile;
        };
        000000000000000000000056 = 
        {
            fileRef = 000000000000000000000026;
            isa = PBXBuildFile;
        };
        000000000000000000000057 = 
        {
            fileRef = 000000000000000000000027;
            isa = PBXBuildFile;
        };
        000000000000000000000058 = 
        {
            fileRef = 000000000000000000000028;
            isa = PBXBuildFile;
        };
        000000000000000000000059 = 
        {
            files = 
            (
               00000000000000000000004f, 
               000000000000000000000050, 
               000000000000000000000051, 
               000000000000000000000052, 
               000000000000000000000053, 
               000000000000000000000054, 
               000000000000000000000055, 
               000000000000000000000056, 
               000000000000000000000057, 
               000000000000000000000058
            );
            isa = PBXFrameworksBuildPhase;
        };
        00000000000000000000005a = 
        {
            files = 
            ();
            isa = PBXSourcesBuildPhase;
        };
        00000000000000000000005b = 
        {
            files = 
            ();
            isa = PBXResourcesBuildPhase;
        };
        00000000000000000000005c = 
        {
            files = 
            ();
            isa = PBXResourcesBuildPhase;
        };
        00000000000000000000005d = 
        {
            files = 
            ();
            isa = PBXFrameworksBuildPhase;
        };
        00000000000000000000005e = 
        {
            buildSettings = 
            {
                COPY_PHASE_STRIP = NO;
            };
            isa = XCBuildConfiguration;
            name = Debug;
        };
        00000000000000000000005f = 
        {
            buildSettings = 
            {
                COPY_PHASE_STRIP = YES;
            };
            isa = XCBuildConfiguration;
            name = Release;
        };
        000000000000000000000060 = 
        {
            buildSettings = 
            {};
            isa = XCBuildConfiguration;
            name = Default;
        };
        000000000000000000000061 = 
        {
            buildConfigurations = 
            (
               00000000000000000000005e, 
               00000000000000000000005f, 
               000000000000000000000060
            );
            defaultConfigurationIsVisible = 0;
            defaultConfigurationName = Default;
            isa = XCConfigurationList;
        };
        000000000000000000000062 = 
        {
            files = 
            ();
            isa = PBXSourcesBuildPhase;
        };
        000000000000000000000063 = 
        {
            files = 
            ();
            isa = PBXResourcesBuildPhase;
        };
        000000000000000000000064 = 
        {
            files = 
            ();
            isa = PBXResourcesBuildPhase;
        };
        000000000000000000000065 = 
        {
            files = 
            ();
            isa = PBXFrameworksBuildPhase;
        };
        000000000000000000000066 = 
        {
            buildPhases = 
            (
               00000000000000000000004a, 
               00000000000000000000004d, 
               00000000000000000000004e, 
               000000000000000000000059
            );
            buildSettings = 
            {};
            isa = PBXToolTarget;
            name = "Application Server";
        };
        000000000000000000000067 = 
        {
            buildArgumentsString = "-emacs $(ACTION)";
            buildConfigurationList = 000000000000000000000061;
            buildPhases = 
            (
               00000000000000000000005a, 
               00000000000000000000005b, 
               00000000000000000000005c, 
               00000000000000000000005d
            );
            buildSettings = 
            {};
            buildToolPath = /Developer/Java/Ant/bin/ant;
            isa = PBXLegacyTarget;
            name = Ant;
            passBuildSettingsInEnvironment = 1;
            productName = Ant;
        };
        000000000000000000000068 = 
        {
            buildPhases = 
            (
               000000000000000000000062, 
               000000000000000000000063, 
               000000000000000000000064, 
               000000000000000000000065
            );
            buildSettings = 
            {};
            isa = PBXToolTarget;
            name = "Web Server";
        };
        000000000000000000000069 = 
        {
            buildSettings = 
            {};
            isa = XCBuildConfiguration;
            name = Debug;
        };
        00000000000000000000006a = 
        {
            buildSettings = 
            {};
            isa = XCBuildConfiguration;
            name = Release;
        };
        00000000000000000000006b = 
        {
            buildSettings = 
            {};
            isa = XCBuildConfiguration;
            name = Default;
        };
        00000000000000000000006c = 
        {
            buildConfigurations = 
            (
               000000000000000000000069, 
               00000000000000000000006a, 
               00000000000000000000006b
            );
            defaultConfigurationIsVisible = 0;
            defaultConfigurationName = Default;
            isa = XCConfigurationList;
        };
        00000000000000000000006d = 
        {
            buildSettings = 
            {
                COPY_PHASE_STRIP = NO;
            };
            isa = PBXBuildStyle;
            name = Debug;
        };
        00000000000000000000006e = 
        {
            buildSettings = 
            {
                COPY_PHASE_STRIP = YES;
            };
            isa = PBXBuildStyle;
            name = Release;
        };
        00000000000000000000006f = 
        {
            buildConfigurationList = 00000000000000000000006c;
            buildSettings = 
            {};
            buildStyles = 
            (
               00000000000000000000006d, 
               00000000000000000000006e
            );
            hasScannedForEncodings = 1;
            isa = PBXProject;
            mainGroup = 00000000000000000000002d;
            projectDirPath = .;
            targets = 
            (
               000000000000000000000066, 
               000000000000000000000067, 
               000000000000000000000068
            );
        };
    };
    rootObject = 00000000000000000000006f;
}