
{
    archiveVersion = 1;
    classes = 
    {};
    objectVersion = 42;
    objects = 
    {
        000000000000000000000001 = 
        {
            isa = PBXFileReference;
            lastKnownFileType = sourcecode.java;
            name = Warning.java;
            path = src/com/houdah/web/control/support/Warning.java;
            sourceTree = "<group>";
        };
        000000000000000000000002 = 
        {
            isa = PBXFileReference;
            lastKnownFileType = sourcecode.java;
            name = IdentifyException.java;
            path = src/com/houdah/web/control/support/IdentifyException.java;
            sourceTree = "<group>";
        };
        000000000000000000000003 = 
        {
            isa = PBXFileReference;
            lastKnownFileType = sourcecode.java;
            name = ExceptionHandler.java;
            path = src/com/houdah/web/control/support/ExceptionHandler.java;
            sourceTree = "<group>";
        };
        000000000000000000000004 = 
        {
            isa = PBXFileReference;
            lastKnownFileType = sourcecode.java;
            name = IdentifyDescriptor.java;
            path = src/com/houdah/web/control/descriptors/IdentifyDescriptor.java;
            sourceTree = "<group>";
        };
        000000000000000000000005 = 
        {
            isa = PBXFileReference;
            lastKnownFileType = sourcecode.java;
            name = FormQuickSearchFieldDescriptor.java;
            path = src/com/houdah/web/control/descriptors/FormQuickSearchFieldDescriptor.java;
            sourceTree = "<group>";
        };
        000000000000000000000006 = 
        {
            isa = PBXFileReference;
            lastKnownFileType = sourcecode.java;
            name = FormIdentifyTextValueDescriptor.java;
            path = src/com/houdah/web/control/descriptors/FormIdentifyTextValueDescriptor.java;
            sourceTree = "<group>";
        };
        000000000000000000000007 = 
        {
            isa = PBXFileReference;
            lastKnownFileType = sourcecode.java;
            name = Toolbox.java;
            path = src/com/houdah/web/control/controllers/Toolbox.java;
            sourceTree = "<group>";
        };
        000000000000000000000008 = 
        {
            isa = PBXFileReference;
            lastKnownFileType = sourcecode.java;
            name = SessionController.java;
            path = src/com/houdah/web/control/controllers/SessionController.java;
            sourceTree = "<group>";
        };
        000000000000000000000009 = 
        {
            isa = PBXFileReference;
            lastKnownFileType = sourcecode.java;
            name = MessageCentral.java;
            path = src/com/houdah/web/control/controllers/MessageCentral.java;
            sourceTree = "<group>";
        };
        00000000000000000000000a = 
        {
            isa = PBXFileReference;
            lastKnownFileType = sourcecode.java;
            name = KeyValueCodingProtectedAccessor.java;
            path = src/com/houdah/web/control/controllers/KeyValueCodingProtectedAccessor.java;
            sourceTree = "<group>";
        };
        00000000000000000000000b = 
        {
            isa = PBXFileReference;
            lastKnownFileType = sourcecode.java;
            name = DisplayGroupController.java;
            path = src/com/houdah/web/control/controllers/DisplayGroupController.java;
            sourceTree = "<group>";
        };
        00000000000000000000000c = 
        {
            isa = PBXFileReference;
            lastKnownFileType = sourcecode.java;
            name = AbstractSearchPageController.java;
            path = src/com/houdah/web/control/controllers/AbstractSearchPageController.java;
            sourceTree = "<group>";
        };
        00000000000000000000000d = 
        {
            isa = PBXFileReference;
            lastKnownFileType = sourcecode.java;
            name = AbstractQuickSearchController.java;
            path = src/com/houdah/web/control/controllers/AbstractQuickSearchController.java;
            sourceTree = "<group>";
        };
        00000000000000000000000e = 
        {
            isa = PBXFileReference;
            lastKnownFileType = sourcecode.java;
            name = AbstractPageController.java;
            path = src/com/houdah/web/control/controllers/AbstractPageController.java;
            sourceTree = "<group>";
        };
        00000000000000000000000f = 
        {
            isa = PBXFileReference;
            lastKnownFileType = sourcecode.java;
            name = AbstractListPageController.java;
            path = src/com/houdah/web/control/controllers/AbstractListPageController.java;
            sourceTree = "<group>";
        };
        000000000000000000000010 = 
        {
            isa = PBXFileReference;
            lastKnownFileType = sourcecode.java;
            name = AbstractFormPageController.java;
            path = src/com/houdah/web/control/controllers/AbstractFormPageController.java;
            sourceTree = "<group>";
        };
        000000000000000000000011 = 
        {
            isa = PBXFileReference;
            lastKnownFileType = sourcecode.java;
            name = AbstractEditPageController.java;
            path = src/com/houdah/web/control/controllers/AbstractEditPageController.java;
            sourceTree = "<group>";
        };
        000000000000000000000012 = 
        {
            isa = PBXFileReference;
            lastKnownFileType = sourcecode.java;
            name = AbstractDetailPageController.java;
            path = src/com/houdah/web/control/controllers/AbstractDetailPageController.java;
            sourceTree = "<group>";
        };
        000000000000000000000013 = 
        {
            isa = PBXFileReference;
            lastKnownFileType = sourcecode.java;
            name = AbstractController.java;
            path = src/com/houdah/web/control/controllers/AbstractController.java;
            sourceTree = "<group>";
        };
        000000000000000000000014 = 
        {
            isa = PBXFileReference;
            lastKnownFileType = sourcecode.java;
            name = AbstractComponentController.java;
            path = src/com/houdah/web/control/controllers/AbstractComponentController.java;
            sourceTree = "<group>";
        };
        000000000000000000000015 = 
        {
            isa = PBXFileReference;
            lastKnownFileType = sourcecode.java;
            name = KeyValueCodingProtectedAccessor.java;
            path = src/com/houdah/web/control/components/KeyValueCodingProtectedAccessor.java;
            sourceTree = "<group>";
        };
        000000000000000000000016 = 
        {
            isa = PBXFileReference;
            lastKnownFileType = sourcecode.java;
            name = HCCSearchComponent.java;
            path = src/com/houdah/web/control/components/HCCSearchComponent.java;
            sourceTree = "<group>";
        };
        000000000000000000000017 = 
        {
            isa = PBXFileReference;
            lastKnownFileType = sourcecode.java;
            name = HCCQuickSearchComponent.java;
            path = src/com/houdah/web/control/components/HCCQuickSearchComponent.java;
            sourceTree = "<group>";
        };
        000000000000000000000018 = 
        {
            isa = PBXFileReference;
            lastKnownFileType = sourcecode.java;
            name = HCCPageWrapper.java;
            path = src/com/houdah/web/control/components/HCCPageWrapper.java;
            sourceTree = "<group>";
        };
        000000000000000000000019 = 
        {
            isa = PBXFileReference;
            lastKnownFileType = sourcecode.java;
            name = HCCListComponent.java;
            path = src/com/houdah/web/control/components/HCCListComponent.java;
            sourceTree = "<group>";
        };
        00000000000000000000001a = 
        {
            isa = PBXFileReference;
            lastKnownFileType = sourcecode.java;
            name = HCCLayout.java;
            path = src/com/houdah/web/control/components/HCCLayout.java;
            sourceTree = "<group>";
        };
        00000000000000000000001b = 
        {
            isa = PBXFileReference;
            lastKnownFileType = sourcecode.java;
            name = HCCEditComponent.java;
            path = src/com/houdah/web/control/components/HCCEditComponent.java;
            sourceTree = "<group>";
        };
        00000000000000000000001c = 
        {
            isa = PBXFileReference;
            lastKnownFileType = sourcecode.java;
            name = HCCDetailComponent.java;
            path = src/com/houdah/web/control/components/HCCDetailComponent.java;
            sourceTree = "<group>";
        };
        00000000000000000000001d = 
        {
            isa = PBXFileReference;
            lastKnownFileType = sourcecode.java;
            name = ControllerPage.java;
            path = src/com/houdah/web/control/components/ControllerPage.java;
            sourceTree = "<group>";
        };
        00000000000000000000001e = 
        {
            isa = PBXFileReference;
            lastKnownFileType = sourcecode.java;
            name = ControllerComponent.java;
            path = src/com/houdah/web/control/components/ControllerComponent.java;
            sourceTree = "<group>";
        };
        00000000000000000000001f = 
        {
            isa = PBXFileReference;
            lastKnownFileType = sourcecode.java;
            name = ThreadStorage.java;
            path = src/com/houdah/web/control/application/ThreadStorage.java;
            sourceTree = "<group>";
        };
        000000000000000000000020 = 
        {
            isa = PBXFileReference;
            lastKnownFileType = sourcecode.java;
            name = Session.java;
            path = src/com/houdah/web/control/application/Session.java;
            sourceTree = "<group>";
        };
        000000000000000000000021 = 
        {
            isa = PBXFileReference;
            lastKnownFileType = sourcecode.java;
            name = SecurityManager.java;
            path = src/com/houdah/web/control/application/SecurityManager.java;
            sourceTree = "<group>";
        };
        000000000000000000000022 = 
        {
            isa = PBXFileReference;
            lastKnownFileType = sourcecode.java;
            name = LaxSecurityManager.java;
            path = src/com/houdah/web/control/application/LaxSecurityManager.java;
            sourceTree = "<group>";
        };
        000000000000000000000023 = 
        {
            isa = PBXFileReference;
            lastKnownFileType = sourcecode.java;
            name = KeyValueCodingProtectedAccessor.java;
            path = src/com/houdah/web/control/application/KeyValueCodingProtectedAccessor.java;
            sourceTree = "<group>";
        };
        000000000000000000000024 = 
        {
            isa = PBXFileReference;
            lastKnownFileType = sourcecode.java;
            name = DirectAction.java;
            path = src/com/houdah/web/control/application/DirectAction.java;
            sourceTree = "<group>";
        };
        000000000000000000000025 = 
        {
            isa = PBXFileReference;
            lastKnownFileType = sourcecode.java;
            name = Application.java;
            path = src/com/houdah/web/control/application/Application.java;
            sourceTree = "<group>";
        };
        000000000000000000000026 = 
        {
            isa = PBXFileReference;
            lastKnownFileType = sourcecode.java;
            name = NavigationAction.java;
            path = src/com/houdah/web/control/actions/NavigationAction.java;
            sourceTree = "<group>";
        };
        000000000000000000000027 = 
        {
            isa = PBXFileReference;
            lastKnownFileType = sourcecode.java;
            name = PrincipalClass.java;
            path = "/Users/houdah/houdah-webobjects-frameworks/HoudahAgileComponents/src/com/houdah/agile/initialization/PrincipalClass.java";
            sourceTree = "<absolute>";
        };
        000000000000000000000028 = 
        {
            isa = PBXFileReference;
            lastKnownFileType = sourcecode.java;
            name = IdentifyFormatter.java;
            path = "/Users/houdah/houdah-webobjects-frameworks/HoudahAgileComponents/src/com/houdah/agile/formatters/IdentifyFormatter.java";
            sourceTree = "<absolute>";
        };
        000000000000000000000029 = 
        {
            isa = PBXFileReference;
            lastKnownFileType = sourcecode.java;
            name = DescribeFormatter.java;
            path = "/Users/houdah/houdah-webobjects-frameworks/HoudahAgileComponents/src/com/houdah/agile/formatters/DescribeFormatter.java";
            sourceTree = "<absolute>";
        };
        00000000000000000000002a = 
        {
            isa = PBXFileReference;
            lastKnownFileType = sourcecode.java;
            name = DescriptorFactory.java;
            path = "/Users/houdah/houdah-webobjects-frameworks/HoudahAgileComponents/src/com/houdah/agile/factories/DescriptorFactory.java";
            sourceTree = "<absolute>";
        };
        00000000000000000000002b = 
        {
            isa = PBXFileReference;
            lastKnownFileType = sourcecode.java;
            name = KeyValueCodingProtectedAccessor.java;
            path = "/Users/houdah/houdah-webobjects-frameworks/HoudahAgileComponents/src/com/houdah/agile/controllers/KeyValueCodingProtectedAccessor.java";
            sourceTree = "<absolute>";
        };
        00000000000000000000002c = 
        {
            isa = PBXFileReference;
            lastKnownFileType = sourcecode.java;
            name = AgileSearchPageController.java;
            path = "/Users/houdah/houdah-webobjects-frameworks/HoudahAgileComponents/src/com/houdah/agile/controllers/AgileSearchPageController.java";
            sourceTree = "<absolute>";
        };
        00000000000000000000002d = 
        {
            isa = PBXFileReference;
            lastKnownFileType = sourcecode.java;
            name = AgileQuickSearchController.java;
            path = "/Users/houdah/houdah-webobjects-frameworks/HoudahAgileComponents/src/com/houdah/agile/controllers/AgileQuickSearchController.java";
            sourceTree = "<absolute>";
        };
        00000000000000000000002e = 
        {
            isa = PBXFileReference;
            lastKnownFileType = sourcecode.java;
            name = AgileListPageController.java;
            path = "/Users/houdah/houdah-webobjects-frameworks/HoudahAgileComponents/src/com/houdah/agile/controllers/AgileListPageController.java";
            sourceTree = "<absolute>";
        };
        00000000000000000000002f = 
        {
            isa = PBXFileReference;
            lastKnownFileType = sourcecode.java;
            name = AgileEditPageController.java;
            path = "/Users/houdah/houdah-webobjects-frameworks/HoudahAgileComponents/src/com/houdah/agile/controllers/AgileEditPageController.java";
            sourceTree = "<absolute>";
        };
        000000000000000000000030 = 
        {
            isa = PBXFileReference;
            lastKnownFileType = sourcecode.java;
            name = AgileDetailPageController.java;
            path = "/Users/houdah/houdah-webobjects-frameworks/HoudahAgileComponents/src/com/houdah/agile/controllers/AgileDetailPageController.java";
            sourceTree = "<absolute>";
        };
        000000000000000000000031 = 
        {
            isa = PBXFileReference;
            lastKnownFileType = sourcecode.java;
            name = Session.java;
            path = "/Users/houdah/houdah-webobjects-frameworks/HoudahAgileComponents/src/com/houdah/agile/application/Session.java";
            sourceTree = "<absolute>";
        };
        000000000000000000000032 = 
        {
            isa = PBXFileReference;
            lastKnownFileType = sourcecode.java;
            name = KeyValueCodingProtectedAccessor.java;
            path = "/Users/houdah/houdah-webobjects-frameworks/HoudahAgileComponents/src/com/houdah/agile/application/KeyValueCodingProtectedAccessor.java";
            sourceTree = "<absolute>";
        };
        000000000000000000000033 = 
        {
            isa = PBXFileReference;
            lastKnownFileType = sourcecode.java;
            name = Application.java;
            path = "/Users/houdah/houdah-webobjects-frameworks/HoudahAgileComponents/src/com/houdah/agile/application/Application.java";
            sourceTree = "<absolute>";
        };
        000000000000000000000034 = 
        {
            isa = PBXFileReference;
            lastKnownFileType = sourcecode.java;
            name = PrincipalClass.java;
            path = "/Users/houdah/houdah-webobjects-frameworks/HoudahExtensions/src/com/houdah/extensions/PrincipalClass.java";
            sourceTree = "<absolute>";
        };
        000000000000000000000035 = 
        {
            isa = PBXFileReference;
            lastKnownFileType = sourcecode.java;
            name = messages.message.d2wmodel;
            path = Resources/messages.message.d2wmodel;
            sourceTree = "<group>";
        };
        000000000000000000000036 = 
        {
            isa = PBXFileReference;
            lastKnownFileType = sourcecode.java;
            name = Properties;
            path = Resources/Properties;
            sourceTree = "<group>";
        };
        000000000000000000000037 = 
        {
            isa = PBXFileReference;
            lastKnownFileType = sourcecode.java;
            name = CustomInfo.plist;
            path = CustomInfo.plist;
            sourceTree = "<group>";
        };
        000000000000000000000038 = 
        {
            isa = PBXFileReference;
            lastKnownFileType = sourcecode.java;
            name = HCCSearchComponent.api;
            path = Components/HCCSearchComponent.api;
            sourceTree = "<group>";
        };
        000000000000000000000039 = 
        {
            isa = PBXFileReference;
            lastKnownFileType = sourcecode.java;
            name = HCCQuickSearchComponent.api;
            path = Components/HCCQuickSearchComponent.api;
            sourceTree = "<group>";
        };
        00000000000000000000003a = 
        {
            isa = PBXFileReference;
            lastKnownFileType = sourcecode.java;
            name = HCCPageWrapper.api;
            path = Components/HCCPageWrapper.api;
            sourceTree = "<group>";
        };
        00000000000000000000003b = 
        {
            isa = PBXFileReference;
            lastKnownFileType = sourcecode.java;
            name = HCCListComponent.api;
            path = Components/HCCListComponent.api;
            sourceTree = "<group>";
        };
        00000000000000000000003c = 
        {
            isa = PBXFileReference;
            lastKnownFileType = sourcecode.java;
            name = HCCEditComponent.api;
            path = Components/HCCEditComponent.api;
            sourceTree = "<group>";
        };
        00000000000000000000003d = 
        {
            isa = PBXFileReference;
            lastKnownFileType = sourcecode.java;
            name = HCCDetailComponent.api;
            path = Components/HCCDetailComponent.api;
            sourceTree = "<group>";
        };
        00000000000000000000003e = 
        {
            isa = PBXFileReference;
            lastKnownFileType = sourcecode.java;
            name = ControllerPage.api;
            path = Components/ControllerPage.api;
            sourceTree = "<group>";
        };
        00000000000000000000003f = 
        {
            isa = PBXFileReference;
            lastKnownFileType = sourcecode.java;
            name = default.agile.d2wmodel;
            path = "/Users/houdah/houdah-webobjects-frameworks/HoudahAgileComponents/Resources/default.agile.d2wmodel";
            sourceTree = "<absolute>";
        };
        000000000000000000000040 = 
        {
            isa = PBXFileReference;
            lastKnownFileType = sourcecode.java;
            name = Properties;
            path = "/Users/houdah/houdah-webobjects-frameworks/HoudahAgileComponents/Resources/Properties";
            sourceTree = "<absolute>";
        };
        000000000000000000000041 = 
        {
            isa = PBXFileReference;
            lastKnownFileType = sourcecode.java;
            name = CustomInfo.plist;
            path = "/Users/houdah/houdah-webobjects-frameworks/HoudahAgileComponents/CustomInfo.plist";
            sourceTree = "<absolute>";
        };
        000000000000000000000042 = 
        {
            isa = PBXFileReference;
            lastKnownFileType = sourcecode.java;
            name = Properties;
            path = "/Users/houdah/houdah-webobjects-frameworks/HoudahExtensions/Resources/Properties";
            sourceTree = "<absolute>";
        };
        000000000000000000000043 = 
        {
            isa = PBXFileReference;
            lastKnownFileType = sourcecode.java;
            name = CustomInfo.plist;
            path = "/Users/houdah/houdah-webobjects-frameworks/HoudahExtensions/CustomInfo.plist";
            sourceTree = "<absolute>";
        };
        000000000000000000000044 = 
        {
            isa = PBXFileReference;
            lastKnownFileType = folder;
            name = HCCSearchComponent.wo;
            path = Components/HCCSearchComponent.wo;
            sourceTree = "<group>";
        };
        000000000000000000000045 = 
        {
            isa = PBXFileReference;
            lastKnownFileType = folder;
            name = HCCQuickSearchComponent.wo;
            path = Components/HCCQuickSearchComponent.wo;
            sourceTree = "<group>";
        };
        000000000000000000000046 = 
        {
            isa = PBXFileReference;
            lastKnownFileType = folder;
            name = HCCPageWrapper.wo;
            path = Components/HCCPageWrapper.wo;
            sourceTree = "<group>";
        };
        000000000000000000000047 = 
        {
            isa = PBXFileReference;
            lastKnownFileType = folder;
            name = HCCListComponent.wo;
            path = Components/HCCListComponent.wo;
            sourceTree = "<group>";
        };
        000000000000000000000048 = 
        {
            isa = PBXFileReference;
            lastKnownFileType = folder;
            name = HCCLayout.wo;
            path = Components/HCCLayout.wo;
            sourceTree = "<group>";
        };
        000000000000000000000049 = 
        {
            isa = PBXFileReference;
            lastKnownFileType = folder;
            name = HCCEditComponent.wo;
            path = Components/HCCEditComponent.wo;
            sourceTree = "<group>";
        };
        00000000000000000000004a = 
        {
            isa = PBXFileReference;
            lastKnownFileType = folder;
            name = HCCDetailComponent.wo;
            path = Components/HCCDetailComponent.wo;
            sourceTree = "<group>";
        };
        00000000000000000000004b = 
        {
            isa = PBXFileReference;
            lastKnownFileType = folder;
            name = ControllerPage.wo;
            path = Components/ControllerPage.wo;
            sourceTree = "<group>";
        };
        00000000000000000000004c = 
        {
            isa = PBXFileReference;
            lastKnownFileType = sourcecode.java;
            name = style.css;
            path = WebServerResources/style.css;
            sourceTree = "<group>";
        };
        00000000000000000000004d = 
        {
            isa = PBXFileReference;
            lastKnownFileType = sourcecode.java;
            name = spinner.gif;
            path = WebServerResources/spinner.gif;
            sourceTree = "<group>";
        };
        00000000000000000000004e = 
        {
            isa = PBXFileReference;
            lastKnownFileType = sourcecode.java;
            name = 6_modalbox.js;
            path = WebServerResources/6_modalbox.js;
            sourceTree = "<group>";
        };
        00000000000000000000004f = 
        {
            isa = PBXFileReference;
            lastKnownFileType = sourcecode.java;
            name = 5_scriptaculous.js;
            path = WebServerResources/5_scriptaculous.js;
            sourceTree = "<group>";
        };
        000000000000000000000050 = 
        {
            isa = PBXFileReference;
            lastKnownFileType = sourcecode.java;
            name = 5_effects.js;
            path = WebServerResources/5_effects.js;
            sourceTree = "<group>";
        };
        000000000000000000000051 = 
        {
            isa = PBXFileReference;
            lastKnownFileType = sourcecode.java;
            name = 5_builder.js;
            path = WebServerResources/5_builder.js;
            sourceTree = "<group>";
        };
        000000000000000000000052 = 
        {
            isa = PBXFileReference;
            lastKnownFileType = sourcecode.java;
            name = 4_compatibility.js;
            path = WebServerResources/4_compatibility.js;
            sourceTree = "<group>";
        };
        000000000000000000000053 = 
        {
            isa = PBXFileReference;
            lastKnownFileType = sourcecode.java;
            name = 3_jquery.form.js;
            path = WebServerResources/3_jquery.form.js;
            sourceTree = "<group>";
        };
        000000000000000000000054 = 
        {
            isa = PBXFileReference;
            lastKnownFileType = sourcecode.java;
            name = 2_jquery.js;
            path = WebServerResources/2_jquery.js;
            sourceTree = "<group>";
        };
        000000000000000000000055 = 
        {
            isa = PBXFileReference;
            lastKnownFileType = sourcecode.java;
            name = 1_prototype.js;
            path = WebServerResources/1_prototype.js;
            sourceTree = "<group>";
        };
        000000000000000000000056 = 
        {
            isa = PBXFileReference;
            lastKnownFileType = sourcecode.java;
            name = style.js;
            path = "/Users/houdah/houdah-webobjects-frameworks/HoudahAgileComponents/WebServerResources/style.js";
            sourceTree = "<absolute>";
        };
        000000000000000000000057 = 
        {
            isa = PBXFileReference;
            lastKnownFileType = sourcecode.java;
            name = style.css;
            path = "/Users/houdah/houdah-webobjects-frameworks/HoudahAgileComponents/WebServerResources/style.css";
            sourceTree = "<absolute>";
        };
        000000000000000000000058 = 
        {
            isa = PBXFileReference;
            lastKnownFileType = sourcecode.java;
            name = quickSearchIcon.gif;
            path = "/Users/houdah/houdah-webobjects-frameworks/HoudahAgileComponents/WebServerResources/quickSearchIcon.gif";
            sourceTree = "<absolute>";
        };
        000000000000000000000059 = 
        {
            isa = PBXFileReference;
            lastKnownFileType = wrapper.framework;
            name = HoudahAppServer.framework;
            path = "/Users/houdah/houdah-webobjects-frameworks/HoudahAppServer/build/HoudahAppServer.framework";
            sourceTree = "<absolute>";
        };
        00000000000000000000005a = 
        {
            isa = PBXFileReference;
            lastKnownFileType = wrapper.framework;
            name = HoudahEOAccess.framework;
            path = "/Users/houdah/houdah-webobjects-frameworks/HoudahEOAccess/build/HoudahEOAccess.framework";
            sourceTree = "<absolute>";
        };
        00000000000000000000005b = 
        {
            isa = PBXFileReference;
            lastKnownFileType = wrapper.framework;
            name = HoudahEOControl.framework;
            path = "/Users/houdah/houdah-webobjects-frameworks/HoudahEOControl/build/HoudahEOControl.framework";
            sourceTree = "<absolute>";
        };
        00000000000000000000005c = 
        {
            isa = PBXFileReference;
            lastKnownFileType = wrapper.framework;
            name = HoudahEOValidation.framework;
            path = "/Users/houdah/houdah-webobjects-frameworks/HoudahEOValidation/build/HoudahEOValidation.framework";
            sourceTree = "<absolute>";
        };
        00000000000000000000005d = 
        {
            isa = PBXFileReference;
            lastKnownFileType = wrapper.framework;
            name = HoudahFoundation.framework;
            path = "/Users/houdah/houdah-webobjects-frameworks/HoudahFoundation/build/HoudahFoundation.framework";
            sourceTree = "<absolute>";
        };
        00000000000000000000005e = 
        {
            isa = PBXFileReference;
            lastKnownFileType = wrapper.framework;
            name = HoudahMessages.framework;
            path = "/Users/houdah/houdah-webobjects-frameworks/HoudahMessages/build/HoudahMessages.framework";
            sourceTree = "<absolute>";
        };
        00000000000000000000005f = 
        {
            isa = PBXFileReference;
            lastKnownFileType = wrapper.framework;
            name = HoudahViewComponents.framework;
            path = "/Users/houdah/houdah-webobjects-frameworks/HoudahViewComponents/build/HoudahViewComponents.framework";
            sourceTree = "<absolute>";
        };
        000000000000000000000060 = 
        {
            isa = PBXFileReference;
            lastKnownFileType = wrapper.framework;
            name = HoudahEOValidation.framework;
            path = /Library/Frameworks/HoudahEOValidation.framework;
            sourceTree = "<absolute>";
        };
        000000000000000000000061 = 
        {
            isa = PBXFileReference;
            lastKnownFileType = wrapper.framework;
            name = HoudahFoundation.framework;
            path = /Library/Frameworks/HoudahFoundation.framework;
            sourceTree = "<absolute>";
        };
        000000000000000000000062 = 
        {
            isa = PBXFileReference;
            lastKnownFileType = wrapper.framework;
            name = HoudahMessages.framework;
            path = /Library/Frameworks/HoudahMessages.framework;
            sourceTree = "<absolute>";
        };
        000000000000000000000063 = 
        {
            isa = PBXFileReference;
            lastKnownFileType = wrapper.framework;
            name = HoudahViewComponents.framework;
            path = /Library/Frameworks/HoudahViewComponents.framework;
            sourceTree = "<absolute>";
        };
        000000000000000000000064 = 
        {
            isa = PBXFileReference;
            lastKnownFileType = wrapper.framework;
            name = JavaEOAccess.framework;
            path = /System/Library/Frameworks/JavaEOAccess.framework;
            sourceTree = "<absolute>";
        };
        000000000000000000000065 = 
        {
            isa = PBXFileReference;
            lastKnownFileType = wrapper.framework;
            name = JavaEOControl.framework;
            path = /System/Library/Frameworks/JavaEOControl.framework;
            sourceTree = "<absolute>";
        };
        000000000000000000000066 = 
        {
            isa = PBXFileReference;
            lastKnownFileType = wrapper.framework;
            name = JavaFoundation.framework;
            path = /System/Library/Frameworks/JavaFoundation.framework;
            sourceTree = "<absolute>";
        };
        000000000000000000000067 = 
        {
            isa = PBXFileReference;
            lastKnownFileType = wrapper.framework;
            name = JavaJDBCAdaptor.framework;
            path = /System/Library/Frameworks/JavaJDBCAdaptor.framework;
            sourceTree = "<absolute>";
        };
        000000000000000000000068 = 
        {
            isa = PBXFileReference;
            lastKnownFileType = wrapper.framework;
            name = JavaWebObjects.framework;
            path = /System/Library/Frameworks/JavaWebObjects.framework;
            sourceTree = "<absolute>";
        };
        000000000000000000000069 = 
        {
            isa = PBXFileReference;
            lastKnownFileType = wrapper.framework;
            name = JavaWOExtensions.framework;
            path = /Library/Frameworks/JavaWOExtensions.framework;
            sourceTree = "<absolute>";
        };
        00000000000000000000006a = 
        {
            isa = PBXFileReference;
            lastKnownFileType = wrapper.framework;
            name = HoudahControlComponents.framework;
            path = "/Users/houdah/houdah-webobjects-frameworks/HoudahControlComponents/build/HoudahControlComponents.framework";
            sourceTree = "<absolute>";
        };
        00000000000000000000006b = 
        {
            isa = PBXFileReference;
            lastKnownFileType = wrapper.framework;
            name = HoudahExtensions.framework;
            path = "/Users/houdah/houdah-webobjects-frameworks/HoudahExtensions/build/HoudahExtensions.framework";
            sourceTree = "<absolute>";
        };
        00000000000000000000006c = 
        {
            isa = PBXFileReference;
            lastKnownFileType = wrapper.framework;
            name = HoudahQueryBlessing.framework;
            path = "/Users/houdah/houdah-webobjects-frameworks/HoudahQueryBlessing/build/HoudahQueryBlessing.framework";
            sourceTree = "<absolute>";
        };
        00000000000000000000006d = 
        {
            isa = PBXFileReference;
            lastKnownFileType = wrapper.framework;
            name = HoudahRuleEngine.framework;
            path = "/Users/houdah/houdah-webobjects-frameworks/HoudahRuleEngine/build/HoudahRuleEngine.framework";
            sourceTree = "<absolute>";
        };
        00000000000000000000006e = 
        {
            isa = PBXFileReference;
            lastKnownFileType = wrapper.framework;
            name = HoudahAppServer.framework;
            path = /Library/Frameworks/HoudahAppServer.framework;
            sourceTree = "<absolute>";
        };
        00000000000000000000006f = 
        {
            isa = PBXFileReference;
            lastKnownFileType = wrapper.framework;
            name = HoudahControlComponents.framework;
            path = /Library/Frameworks/HoudahControlComponents.framework;
            sourceTree = "<absolute>";
        };
        000000000000000000000070 = 
        {
            isa = PBXFileReference;
            lastKnownFileType = wrapper.framework;
            name = HoudahEOAccess.framework;
            path = /Library/Frameworks/HoudahEOAccess.framework;
            sourceTree = "<absolute>";
        };
        000000000000000000000071 = 
        {
            isa = PBXFileReference;
            lastKnownFileType = wrapper.framework;
            name = HoudahEOControl.framework;
            path = /Library/Frameworks/HoudahEOControl.framework;
            sourceTree = "<absolute>";
        };
        000000000000000000000072 = 
        {
            isa = PBXFileReference;
            lastKnownFileType = wrapper.framework;
            name = HoudahExtensions.framework;
            path = /Library/Frameworks/HoudahExtensions.framework;
            sourceTree = "<absolute>";
        };
        000000000000000000000073 = 
        {
            isa = PBXFileReference;
            lastKnownFileType = wrapper.framework;
            name = HoudahQueryBlessing.framework;
            path = /Library/Frameworks/HoudahQueryBlessing.framework;
            sourceTree = "<absolute>";
        };
        000000000000000000000074 = 
        {
            isa = PBXFileReference;
            lastKnownFileType = wrapper.framework;
            name = HoudahRuleEngine.framework;
            path = /Library/Frameworks/HoudahRuleEngine.framework;
            sourceTree = "<absolute>";
        };
        000000000000000000000075 = 
        {
            isa = PBXFileReference;
            lastKnownFileType = wrapper.framework;
            name = JavaXML.framework;
            path = /System/Library/Frameworks/JavaXML.framework;
            sourceTree = "<absolute>";
        };
        000000000000000000000076 = 
        {
            children = 
            (
               000000000000000000000001, 
               000000000000000000000002, 
               000000000000000000000003, 
               000000000000000000000004, 
               000000000000000000000005, 
               000000000000000000000006, 
               000000000000000000000007, 
               000000000000000000000008, 
               000000000000000000000009, 
               00000000000000000000000a, 
               00000000000000000000000b, 
               00000000000000000000000c, 
               00000000000000000000000d, 
               00000000000000000000000e, 
               00000000000000000000000f, 
               000000000000000000000010, 
               000000000000000000000011, 
               000000000000000000000012, 
               000000000000000000000013, 
               000000000000000000000014, 
               000000000000000000000015, 
               000000000000000000000016, 
               000000000000000000000017, 
               000000000000000000000018, 
               000000000000000000000019, 
               00000000000000000000001a, 
               00000000000000000000001b, 
               00000000000000000000001c, 
               00000000000000000000001d, 
               00000000000000000000001e, 
               00000000000000000000001f, 
               000000000000000000000020, 
               000000000000000000000021, 
               000000000000000000000022, 
               000000000000000000000023, 
               000000000000000000000024, 
               000000000000000000000025, 
               000000000000000000000026, 
               000000000000000000000027, 
               000000000000000000000028, 
               000000000000000000000029, 
               00000000000000000000002a, 
               00000000000000000000002b, 
               00000000000000000000002c, 
               00000000000000000000002d, 
               00000000000000000000002e, 
               00000000000000000000002f, 
               000000000000000000000030, 
               000000000000000000000031, 
               000000000000000000000032, 
               000000000000000000000033, 
               000000000000000000000034
            );
            isa = PBXGroup;
            name = Sources;
            sourceTree = "<group>";
        };
        000000000000000000000077 = 
        {
            children = 
            (
               000000000000000000000035, 
               000000000000000000000036, 
               000000000000000000000037, 
               000000000000000000000038, 
               000000000000000000000039, 
               00000000000000000000003a, 
               00000000000000000000003b, 
               00000000000000000000003c, 
               00000000000000000000003d, 
               00000000000000000000003e, 
               00000000000000000000003f, 
               000000000000000000000040, 
               000000000000000000000041, 
               000000000000000000000042, 
               000000000000000000000043, 
               000000000000000000000044, 
               000000000000000000000045, 
               000000000000000000000046, 
               000000000000000000000047, 
               000000000000000000000048, 
               000000000000000000000049, 
               00000000000000000000004a, 
               00000000000000000000004b
            );
            isa = PBXGroup;
            name = Resources;
            sourceTree = "<group>";
        };
        000000000000000000000078 = 
        {
            children = 
            (
               00000000000000000000004c, 
               00000000000000000000004d, 
               00000000000000000000004e, 
               00000000000000000000004f, 
               000000000000000000000050, 
               000000000000000000000051, 
               000000000000000000000052, 
               000000000000000000000053, 
               000000000000000000000054, 
               000000000000000000000055, 
               000000000000000000000056, 
               000000000000000000000057, 
               000000000000000000000058
            );
            isa = PBXGroup;
            name = "Web Server";
            sourceTree = "<group>";
        };
        000000000000000000000079 = 
        {
            children = 
            (
               000000000000000000000059, 
               00000000000000000000005a, 
               00000000000000000000005b, 
               00000000000000000000005c, 
               00000000000000000000005d, 
               00000000000000000000005e, 
               00000000000000000000005f, 
               000000000000000000000060, 
               000000000000000000000061, 
               000000000000000000000062, 
               000000000000000000000063, 
               000000000000000000000064, 
               000000000000000000000065, 
               000000000000000000000066, 
               000000000000000000000067, 
               000000000000000000000068, 
               000000000000000000000069, 
               00000000000000000000006a, 
               00000000000000000000006b, 
               00000000000000000000006c, 
               00000000000000000000006d, 
               00000000000000000000006e, 
               00000000000000000000006f, 
               000000000000000000000070, 
               000000000000000000000071, 
               000000000000000000000072, 
               000000000000000000000073, 
               000000000000000000000074, 
               000000000000000000000075
            );
            isa = PBXGroup;
            name = Frameworks;
            sourceTree = "<group>";
        };
        00000000000000000000007a = 
        {
            children = 
            (
               000000000000000000000076, 
               000000000000000000000077, 
               000000000000000000000078, 
               000000000000000000000079
            );
            isa = PBXGroup;
            name = Root;
            sourceTree = "<group>";
        };
        00000000000000000000007b = 
        {
            fileRef = 000000000000000000000001;
            isa = PBXBuildFile;
        };
        00000000000000000000007c = 
        {
            fileRef = 000000000000000000000002;
            isa = PBXBuildFile;
        };
        00000000000000000000007d = 
        {
            fileRef = 000000000000000000000003;
            isa = PBXBuildFile;
        };
        00000000000000000000007e = 
        {
            fileRef = 000000000000000000000004;
            isa = PBXBuildFile;
        };
        00000000000000000000007f = 
        {
            fileRef = 000000000000000000000005;
            isa = PBXBuildFile;
        };
        000000000000000000000080 = 
        {
            fileRef = 000000000000000000000006;
            isa = PBXBuildFile;
        };
        000000000000000000000081 = 
        {
            fileRef = 000000000000000000000007;
            isa = PBXBuildFile;
        };
        000000000000000000000082 = 
        {
            fileRef = 000000000000000000000008;
            isa = PBXBuildFile;
        };
        000000000000000000000083 = 
        {
            fileRef = 000000000000000000000009;
            isa = PBXBuildFile;
        };
        000000000000000000000084 = 
        {
            fileRef = 00000000000000000000000a;
            isa = PBXBuildFile;
        };
        000000000000000000000085 = 
        {
            fileRef = 00000000000000000000000b;
            isa = PBXBuildFile;
        };
        000000000000000000000086 = 
        {
            fileRef = 00000000000000000000000c;
            isa = PBXBuildFile;
        };
        000000000000000000000087 = 
        {
            fileRef = 00000000000000000000000d;
            isa = PBXBuildFile;
        };
        000000000000000000000088 = 
        {
            fileRef = 00000000000000000000000e;
            isa = PBXBuildFile;
        };
        000000000000000000000089 = 
        {
            fileRef = 00000000000000000000000f;
            isa = PBXBuildFile;
        };
        00000000000000000000008a = 
        {
            fileRef = 000000000000000000000010;
            isa = PBXBuildFile;
        };
        00000000000000000000008b = 
        {
            fileRef = 000000000000000000000011;
            isa = PBXBuildFile;
        };
        00000000000000000000008c = 
        {
            fileRef = 000000000000000000000012;
            isa = PBXBuildFile;
        };
        00000000000000000000008d = 
        {
            fileRef = 000000000000000000000013;
            isa = PBXBuildFile;
        };
        00000000000000000000008e = 
        {
            fileRef = 000000000000000000000014;
            isa = PBXBuildFile;
        };
        00000000000000000000008f = 
        {
            fileRef = 000000000000000000000015;
            isa = PBXBuildFile;
        };
        000000000000000000000090 = 
        {
            fileRef = 000000000000000000000016;
            isa = PBXBuildFile;
        };
        000000000000000000000091 = 
        {
            fileRef = 000000000000000000000017;
            isa = PBXBuildFile;
        };
        000000000000000000000092 = 
        {
            fileRef = 000000000000000000000018;
            isa = PBXBuildFile;
        };
        000000000000000000000093 = 
        {
            fileRef = 000000000000000000000019;
            isa = PBXBuildFile;
        };
        000000000000000000000094 = 
        {
            fileRef = 00000000000000000000001a;
            isa = PBXBuildFile;
        };
        000000000000000000000095 = 
        {
            fileRef = 00000000000000000000001b;
            isa = PBXBuildFile;
        };
        000000000000000000000096 = 
        {
            fileRef = 00000000000000000000001c;
            isa = PBXBuildFile;
        };
        000000000000000000000097 = 
        {
            fileRef = 00000000000000000000001d;
            isa = PBXBuildFile;
        };
        000000000000000000000098 = 
        {
            fileRef = 00000000000000000000001e;
            isa = PBXBuildFile;
        };
        000000000000000000000099 = 
        {
            fileRef = 00000000000000000000001f;
            isa = PBXBuildFile;
        };
        00000000000000000000009a = 
        {
            fileRef = 000000000000000000000020;
            isa = PBXBuildFile;
        };
        00000000000000000000009b = 
        {
            fileRef = 000000000000000000000021;
            isa = PBXBuildFile;
        };
        00000000000000000000009c = 
        {
            fileRef = 000000000000000000000022;
            isa = PBXBuildFile;
        };
        00000000000000000000009d = 
        {
            fileRef = 000000000000000000000023;
            isa = PBXBuildFile;
        };
        00000000000000000000009e = 
        {
            fileRef = 000000000000000000000024;
            isa = PBXBuildFile;
        };
        00000000000000000000009f = 
        {
            fileRef = 000000000000000000000025;
            isa = PBXBuildFile;
        };
        0000000000000000000000a0 = 
        {
            fileRef = 000000000000000000000026;
            isa = PBXBuildFile;
        };
        0000000000000000000000a1 = 
        {
            fileRef = 000000000000000000000027;
            isa = PBXBuildFile;
        };
        0000000000000000000000a2 = 
        {
            fileRef = 000000000000000000000028;
            isa = PBXBuildFile;
        };
        0000000000000000000000a3 = 
        {
            fileRef = 000000000000000000000029;
            isa = PBXBuildFile;
        };
        0000000000000000000000a4 = 
        {
            fileRef = 00000000000000000000002a;
            isa = PBXBuildFile;
        };
        0000000000000000000000a5 = 
        {
            fileRef = 00000000000000000000002b;
            isa = PBXBuildFile;
        };
        0000000000000000000000a6 = 
        {
            fileRef = 00000000000000000000002c;
            isa = PBXBuildFile;
        };
        0000000000000000000000a7 = 
        {
            fileRef = 00000000000000000000002d;
            isa = PBXBuildFile;
        };
        0000000000000000000000a8 = 
        {
            fileRef = 00000000000000000000002e;
            isa = PBXBuildFile;
        };
        0000000000000000000000a9 = 
        {
            fileRef = 00000000000000000000002f;
            isa = PBXBuildFile;
        };
        0000000000000000000000aa = 
        {
            fileRef = 000000000000000000000030;
            isa = PBXBuildFile;
        };
        0000000000000000000000ab = 
        {
            fileRef = 000000000000000000000031;
            isa = PBXBuildFile;
        };
        0000000000000000000000ac = 
        {
            fileRef = 000000000000000000000032;
            isa = PBXBuildFile;
        };
        0000000000000000000000ad = 
        {
            fileRef = 000000000000000000000033;
            isa = PBXBuildFile;
        };
        0000000000000000000000ae = 
        {
            fileRef = 000000000000000000000034;
            isa = PBXBuildFile;
        };
        0000000000000000000000af = 
        {
            files = 
            (
               00000000000000000000007b, 
               00000000000000000000007c, 
               00000000000000000000007d, 
               00000000000000000000007e, 
               00000000000000000000007f, 
               000000000000000000000080, 
               000000000000000000000081, 
               000000000000000000000082, 
               000000000000000000000083, 
               000000000000000000000084, 
               000000000000000000000085, 
               000000000000000000000086, 
               000000000000000000000087, 
               000000000000000000000088, 
               000000000000000000000089, 
               00000000000000000000008a, 
               00000000000000000000008b, 
               00000000000000000000008c, 
               00000000000000000000008d, 
               00000000000000000000008e, 
               00000000000000000000008f, 
               000000000000000000000090, 
               000000000000000000000091, 
               000000000000000000000092, 
               000000000000000000000093, 
               000000000000000000000094, 
               000000000000000000000095, 
               000000000000000000000096, 
               000000000000000000000097, 
               000000000000000000000098, 
               000000000000000000000099, 
               00000000000000000000009a, 
               00000000000000000000009b, 
               00000000000000000000009c, 
               00000000000000000000009d, 
               00000000000000000000009e, 
               00000000000000000000009f, 
               0000000000000000000000a0, 
               0000000000000000000000a1, 
               0000000000000000000000a2, 
               0000000000000000000000a3, 
               0000000000000000000000a4, 
               0000000000000000000000a5, 
               0000000000000000000000a6, 
               0000000000000000000000a7, 
               0000000000000000000000a8, 
               0000000000000000000000a9, 
               0000000000000000000000aa, 
               0000000000000000000000ab, 
               0000000000000000000000ac, 
               0000000000000000000000ad, 
               0000000000000000000000ae
            );
            isa = PBXSourcesBuildPhase;
        };
        0000000000000000000000b0 = 
        {
            fileRef = 000000000000000000000035;
            isa = PBXBuildFile;
        };
        0000000000000000000000b1 = 
        {
            fileRef = 000000000000000000000036;
            isa = PBXBuildFile;
        };
        0000000000000000000000b2 = 
        {
            fileRef = 000000000000000000000037;
            isa = PBXBuildFile;
        };
        0000000000000000000000b3 = 
        {
            fileRef = 000000000000000000000038;
            isa = PBXBuildFile;
        };
        0000000000000000000000b4 = 
        {
            fileRef = 000000000000000000000039;
            isa = PBXBuildFile;
        };
        0000000000000000000000b5 = 
        {
            fileRef = 00000000000000000000003a;
            isa = PBXBuildFile;
        };
        0000000000000000000000b6 = 
        {
            fileRef = 00000000000000000000003b;
            isa = PBXBuildFile;
        };
        0000000000000000000000b7 = 
        {
            fileRef = 00000000000000000000003c;
            isa = PBXBuildFile;
        };
        0000000000000000000000b8 = 
        {
            fileRef = 00000000000000000000003d;
            isa = PBXBuildFile;
        };
        0000000000000000000000b9 = 
        {
            fileRef = 00000000000000000000003e;
            isa = PBXBuildFile;
        };
        0000000000000000000000ba = 
        {
            fileRef = 00000000000000000000003f;
            isa = PBXBuildFile;
        };
        0000000000000000000000bb = 
        {
            fileRef = 000000000000000000000040;
            isa = PBXBuildFile;
        };
        0000000000000000000000bc = 
        {
            fileRef = 000000000000000000000041;
            isa = PBXBuildFile;
        };
        0000000000000000000000bd = 
        {
            fileRef = 000000000000000000000042;
            isa = PBXBuildFile;
        };
        0000000000000000000000be = 
        {
            fileRef = 000000000000000000000043;
            isa = PBXBuildFile;
        };
        0000000000000000000000bf = 
        {
            fileRef = 000000000000000000000044;
            isa = PBXBuildFile;
        };
        0000000000000000000000c0 = 
        {
            fileRef = 000000000000000000000045;
            isa = PBXBuildFile;
        };
        0000000000000000000000c1 = 
        {
            fileRef = 000000000000000000000046;
            isa = PBXBuildFile;
        };
        0000000000000000000000c2 = 
        {
            fileRef = 000000000000000000000047;
            isa = PBXBuildFile;
        };
        0000000000000000000000c3 = 
        {
            fileRef = 000000000000000000000048;
            isa = PBXBuildFile;
        };
        0000000000000000000000c4 = 
        {
            fileRef = 000000000000000000000049;
            isa = PBXBuildFile;
        };
        0000000000000000000000c5 = 
        {
            fileRef = 00000000000000000000004a;
            isa = PBXBuildFile;
        };
        0000000000000000000000c6 = 
        {
            fileRef = 00000000000000000000004b;
            isa = PBXBuildFile;
        };
        0000000000000000000000c7 = 
        {
            files = 
            (
               0000000000000000000000b0, 
               0000000000000000000000b1, 
               0000000000000000000000b2, 
               0000000000000000000000b3, 
               0000000000000000000000b4, 
               0000000000000000000000b5, 
               0000000000000000000000b6, 
               0000000000000000000000b7, 
               0000000000000000000000b8, 
               0000000000000000000000b9, 
               0000000000000000000000ba, 
               0000000000000000000000bb, 
               0000000000000000000000bc, 
               0000000000000000000000bd, 
               0000000000000000000000be, 
               0000000000000000000000bf, 
               0000000000000000000000c0, 
               0000000000000000000000c1, 
               0000000000000000000000c2, 
               0000000000000000000000c3, 
               0000000000000000000000c4, 
               0000000000000000000000c5, 
               0000000000000000000000c6
            );
            isa = PBXResourcesBuildPhase;
        };
        0000000000000000000000c8 = 
        {
            fileRef = 00000000000000000000004c;
            isa = PBXBuildFile;
        };
        0000000000000000000000c9 = 
        {
            fileRef = 00000000000000000000004d;
            isa = PBXBuildFile;
        };
        0000000000000000000000ca = 
        {
            fileRef = 00000000000000000000004e;
            isa = PBXBuildFile;
        };
        0000000000000000000000cb = 
        {
            fileRef = 00000000000000000000004f;
            isa = PBXBuildFile;
        };
        0000000000000000000000cc = 
        {
            fileRef = 000000000000000000000050;
            isa = PBXBuildFile;
        };
        0000000000000000000000cd = 
        {
            fileRef = 000000000000000000000051;
            isa = PBXBuildFile;
        };
        0000000000000000000000ce = 
        {
            fileRef = 000000000000000000000052;
            isa = PBXBuildFile;
        };
        0000000000000000000000cf = 
        {
            fileRef = 000000000000000000000053;
            isa = PBXBuildFile;
        };
        0000000000000000000000d0 = 
        {
            fileRef = 000000000000000000000054;
            isa = PBXBuildFile;
        };
        0000000000000000000000d1 = 
        {
            fileRef = 000000000000000000000055;
            isa = PBXBuildFile;
        };
        0000000000000000000000d2 = 
        {
            fileRef = 000000000000000000000056;
            isa = PBXBuildFile;
        };
        0000000000000000000000d3 = 
        {
            fileRef = 000000000000000000000057;
            isa = PBXBuildFile;
        };
        0000000000000000000000d4 = 
        {
            fileRef = 000000000000000000000058;
            isa = PBXBuildFile;
        };
        0000000000000000000000d5 = 
        {
            files = 
            (
               0000000000000000000000c8, 
               0000000000000000000000c9, 
               0000000000000000000000ca, 
               0000000000000000000000cb, 
               0000000000000000000000cc, 
               0000000000000000000000cd, 
               0000000000000000000000ce, 
               0000000000000000000000cf, 
               0000000000000000000000d0, 
               0000000000000000000000d1, 
               0000000000000000000000d2, 
               0000000000000000000000d3, 
               0000000000000000000000d4
            );
            isa = PBXResourcesBuildPhase;
        };
        0000000000000000000000d6 = 
        {
            fileRef = 000000000000000000000059;
            isa = PBXBuildFile;
        };
        0000000000000000000000d7 = 
        {
            fileRef = 00000000000000000000005a;
            isa = PBXBuildFile;
        };
        0000000000000000000000d8 = 
        {
            fileRef = 00000000000000000000005b;
            isa = PBXBuildFile;
        };
        0000000000000000000000d9 = 
        {
            fileRef = 00000000000000000000005c;
            isa = PBXBuildFile;
        };
        0000000000000000000000da = 
        {
            fileRef = 00000000000000000000005d;
            isa = PBXBuildFile;
        };
        0000000000000000000000db = 
        {
            fileRef = 00000000000000000000005e;
            isa = PBXBuildFile;
        };
        0000000000000000000000dc = 
        {
            fileRef = 00000000000000000000005f;
            isa = PBXBuildFile;
        };
        0000000000000000000000dd = 
        {
            fileRef = 000000000000000000000060;
            isa = PBXBuildFile;
        };
        0000000000000000000000de = 
        {
            fileRef = 000000000000000000000061;
            isa = PBXBuildFile;
        };
        0000000000000000000000df = 
        {
            fileRef = 000000000000000000000062;
            isa = PBXBuildFile;
        };
        0000000000000000000000e0 = 
        {
            fileRef = 000000000000000000000063;
            isa = PBXBuildFile;
        };
        0000000000000000000000e1 = 
        {
            fileRef = 000000000000000000000064;
            isa = PBXBuildFile;
        };
        0000000000000000000000e2 = 
        {
            fileRef = 000000000000000000000065;
            isa = PBXBuildFile;
        };
        0000000000000000000000e3 = 
        {
            fileRef = 000000000000000000000066;
            isa = PBXBuildFile;
        };
        0000000000000000000000e4 = 
        {
            fileRef = 000000000000000000000067;
            isa = PBXBuildFile;
        };
        0000000000000000000000e5 = 
        {
            fileRef = 000000000000000000000068;
            isa = PBXBuildFile;
        };
        0000000000000000000000e6 = 
        {
            fileRef = 000000000000000000000069;
            isa = PBXBuildFile;
        };
        0000000000000000000000e7 = 
        {
            fileRef = 00000000000000000000006a;
            isa = PBXBuildFile;
        };
        0000000000000000000000e8 = 
        {
            fileRef = 00000000000000000000006b;
            isa = PBXBuildFile;
        };
        0000000000000000000000e9 = 
        {
            fileRef = 00000000000000000000006c;
            isa = PBXBuildFile;
        };
        0000000000000000000000ea = 
        {
            fileRef = 00000000000000000000006d;
            isa = PBXBuildFile;
        };
        0000000000000000000000eb = 
        {
            fileRef = 00000000000000000000006e;
            isa = PBXBuildFile;
        };
        0000000000000000000000ec = 
        {
            fileRef = 00000000000000000000006f;
            isa = PBXBuildFile;
        };
        0000000000000000000000ed = 
        {
            fileRef = 000000000000000000000070;
            isa = PBXBuildFile;
        };
        0000000000000000000000ee = 
        {
            fileRef = 000000000000000000000071;
            isa = PBXBuildFile;
        };
        0000000000000000000000ef = 
        {
            fileRef = 000000000000000000000072;
            isa = PBXBuildFile;
        };
        0000000000000000000000f0 = 
        {
            fileRef = 000000000000000000000073;
            isa = PBXBuildFile;
        };
        0000000000000000000000f1 = 
        {
            fileRef = 000000000000000000000074;
            isa = PBXBuildFile;
        };
        0000000000000000000000f2 = 
        {
            fileRef = 000000000000000000000075;
            isa = PBXBuildFile;
        };
        0000000000000000000000f3 = 
        {
            files = 
            (
               0000000000000000000000d6, 
               0000000000000000000000d7, 
               0000000000000000000000d8, 
               0000000000000000000000d9, 
               0000000000000000000000da, 
               0000000000000000000000db, 
               0000000000000000000000dc, 
               0000000000000000000000dd, 
               0000000000000000000000de, 
               0000000000000000000000df, 
               0000000000000000000000e0, 
               0000000000000000000000e1, 
               0000000000000000000000e2, 
               0000000000000000000000e3, 
               0000000000000000000000e4, 
               0000000000000000000000e5, 
               0000000000000000000000e6, 
               0000000000000000000000e7, 
               0000000000000000000000e8, 
               0000000000000000000000e9, 
               0000000000000000000000ea, 
               0000000000000000000000eb, 
               0000000000000000000000ec, 
               0000000000000000000000ed, 
               0000000000000000000000ee, 
               0000000000000000000000ef, 
               0000000000000000000000f0, 
               0000000000000000000000f1, 
               0000000000000000000000f2
            );
            isa = PBXFrameworksBuildPhase;
        };
        0000000000000000000000f4 = 
        {
            files = 
            ();
            isa = PBXSourcesBuildPhase;
        };
        0000000000000000000000f5 = 
        {
            files = 
            ();
            isa = PBXResourcesBuildPhase;
        };
        0000000000000000000000f6 = 
        {
            files = 
            ();
            isa = PBXResourcesBuildPhase;
        };
        0000000000000000000000f7 = 
        {
            files = 
            ();
            isa = PBXFrameworksBuildPhase;
        };
        0000000000000000000000f8 = 
        {
            buildSettings = 
            {
                COPY_PHASE_STRIP = NO;
            };
            isa = XCBuildConfiguration;
            name = Debug;
        };
        0000000000000000000000f9 = 
        {
            buildSettings = 
            {
                COPY_PHASE_STRIP = YES;
            };
            isa = XCBuildConfiguration;
            name = Release;
        };
        0000000000000000000000fa = 
        {
            buildSettings = 
            {};
            isa = XCBuildConfiguration;
            name = Default;
        };
        0000000000000000000000fb = 
        {
            buildConfigurations = 
            (
               0000000000000000000000f8, 
               0000000000000000000000f9, 
               0000000000000000000000fa
            );
            defaultConfigurationIsVisible = 0;
            defaultConfigurationName = Default;
            isa = XCConfigurationList;
        };
        0000000000000000000000fc = 
        {
            files = 
            ();
            isa = PBXSourcesBuildPhase;
        };
        0000000000000000000000fd = 
        {
            files = 
            ();
            isa = PBXResourcesBuildPhase;
        };
        0000000000000000000000fe = 
        {
            fileRef = 00000000000000000000004c;
            isa = PBXBuildFile;
        };
        0000000000000000000000ff = 
        {
            fileRef = 00000000000000000000004d;
            isa = PBXBuildFile;
        };
        000000000000000000000100 = 
        {
            fileRef = 00000000000000000000004e;
            isa = PBXBuildFile;
        };
        000000000000000000000101 = 
        {
            fileRef = 00000000000000000000004f;
            isa = PBXBuildFile;
        };
        000000000000000000000102 = 
        {
            fileRef = 000000000000000000000050;
            isa = PBXBuildFile;
        };
        000000000000000000000103 = 
        {
            fileRef = 000000000000000000000051;
            isa = PBXBuildFile;
        };
        000000000000000000000104 = 
        {
            fileRef = 000000000000000000000052;
            isa = PBXBuildFile;
        };
        000000000000000000000105 = 
        {
            fileRef = 000000000000000000000053;
            isa = PBXBuildFile;
        };
        000000000000000000000106 = 
        {
            fileRef = 000000000000000000000054;
            isa = PBXBuildFile;
        };
        000000000000000000000107 = 
        {
            fileRef = 000000000000000000000055;
            isa = PBXBuildFile;
        };
        000000000000000000000108 = 
        {
            fileRef = 000000000000000000000056;
            isa = PBXBuildFile;
        };
        000000000000000000000109 = 
        {
            fileRef = 000000000000000000000057;
            isa = PBXBuildFile;
        };
        00000000000000000000010a = 
        {
            fileRef = 000000000000000000000058;
            isa = PBXBuildFile;
        };
        00000000000000000000010b = 
        {
            files = 
            (
               0000000000000000000000fe, 
               0000000000000000000000ff, 
               000000000000000000000100, 
               000000000000000000000101, 
               000000000000000000000102, 
               000000000000000000000103, 
               000000000000000000000104, 
               000000000000000000000105, 
               000000000000000000000106, 
               000000000000000000000107, 
               000000000000000000000108, 
               000000000000000000000109, 
               00000000000000000000010a
            );
            isa = PBXResourcesBuildPhase;
        };
        00000000000000000000010c = 
        {
            files = 
            ();
            isa = PBXFrameworksBuildPhase;
        };
        00000000000000000000010d = 
        {
            buildPhases = 
            (
               0000000000000000000000af, 
               0000000000000000000000c7, 
               0000000000000000000000d5, 
               0000000000000000000000f3
            );
            buildSettings = 
            {};
            isa = PBXToolTarget;
            name = "Application Server";
        };
        00000000000000000000010e = 
        {
            buildArgumentsString = "-emacs $(ACTION)";
            buildConfigurationList = 0000000000000000000000fb;
            buildPhases = 
            (
               0000000000000000000000f4, 
               0000000000000000000000f5, 
               0000000000000000000000f6, 
               0000000000000000000000f7
            );
            buildSettings = 
            {};
            buildToolPath = /Developer/Java/Ant/bin/ant;
            isa = PBXLegacyTarget;
            name = Ant;
            passBuildSettingsInEnvironment = 1;
            productName = Ant;
        };
        00000000000000000000010f = 
        {
            buildPhases = 
            (
               0000000000000000000000fc, 
               0000000000000000000000fd, 
               00000000000000000000010b, 
               00000000000000000000010c
            );
            buildSettings = 
            {};
            isa = PBXToolTarget;
            name = "Web Server";
        };
        000000000000000000000110 = 
        {
            buildSettings = 
            {};
            isa = XCBuildConfiguration;
            name = Debug;
        };
        000000000000000000000111 = 
        {
            buildSettings = 
            {};
            isa = XCBuildConfiguration;
            name = Release;
        };
        000000000000000000000112 = 
        {
            buildSettings = 
            {};
            isa = XCBuildConfiguration;
            name = Default;
        };
        000000000000000000000113 = 
        {
            buildConfigurations = 
            (
               000000000000000000000110, 
               000000000000000000000111, 
               000000000000000000000112
            );
            defaultConfigurationIsVisible = 0;
            defaultConfigurationName = Default;
            isa = XCConfigurationList;
        };
        000000000000000000000114 = 
        {
            buildSettings = 
            {
                COPY_PHASE_STRIP = NO;
            };
            isa = PBXBuildStyle;
            name = Debug;
        };
        000000000000000000000115 = 
        {
            buildSettings = 
            {
                COPY_PHASE_STRIP = YES;
            };
            isa = PBXBuildStyle;
            name = Release;
        };
        000000000000000000000116 = 
        {
            buildConfigurationList = 000000000000000000000113;
            buildSettings = 
            {};
            buildStyles = 
            (
               000000000000000000000114, 
               000000000000000000000115
            );
            hasScannedForEncodings = 1;
            isa = PBXProject;
            mainGroup = 00000000000000000000007a;
            projectDirPath = .;
            targets = 
            (
               00000000000000000000010d, 
               00000000000000000000010e, 
               00000000000000000000010f
            );
        };
    };
    rootObject = 000000000000000000000116;
}